// !$*UTF8*$!
{
	archiveVersion = 1;
	classes = {
	};
	objectVersion = 46;
	objects = {

/* Begin PBXBuildFile section */
		83194310150BD226003EF364 /* UIKit.framework in Frameworks */ = {isa = PBXBuildFile; fileRef = 8319430F150BD226003EF364 /* UIKit.framework */; };
		83194312150BD226003EF364 /* Foundation.framework in Frameworks */ = {isa = PBXBuildFile; fileRef = 83194311150BD226003EF364 /* Foundation.framework */; };
		83194314150BD226003EF364 /* CoreGraphics.framework in Frameworks */ = {isa = PBXBuildFile; fileRef = 83194313150BD226003EF364 /* CoreGraphics.framework */; };
		8319431A150BD226003EF364 /* InfoPlist.strings in Resources */ = {isa = PBXBuildFile; fileRef = 83194318150BD226003EF364 /* InfoPlist.strings */; };
		8319431C150BD226003EF364 /* main.m in Sources */ = {isa = PBXBuildFile; fileRef = 8319431B150BD226003EF364 /* main.m */; };
		83194320150BD226003EF364 /* AppDelegate.m in Sources */ = {isa = PBXBuildFile; fileRef = 8319431F150BD226003EF364 /* AppDelegate.m */; };
		83194323150BD226003EF364 /* ViewController.m in Sources */ = {isa = PBXBuildFile; fileRef = 83194322150BD226003EF364 /* ViewController.m */; };
		83194326150BD226003EF364 /* ViewController.xib in Resources */ = {isa = PBXBuildFile; fileRef = 83194324150BD226003EF364 /* ViewController.xib */; };
		831FF091150DB113001E9014 /* noteColor.m in Sources */ = {isa = PBXBuildFile; fileRef = 831FF090150DB112001E9014 /* noteColor.m */; };
		83E3726D151D7069000DCF85 /* NotePath.m in Sources */ = {isa = PBXBuildFile; fileRef = 83E3726C151D7069000DCF85 /* NotePath.m */; };
		CE118320154600C400193B2E /* PathEditorController.m in Sources */ = {isa = PBXBuildFile; fileRef = CE11831E154600C400193B2E /* PathEditorController.m */; };
		CE118321154600C400193B2E /* PathEditorController.xib in Resources */ = {isa = PBXBuildFile; fileRef = CE11831F154600C400193B2E /* PathEditorController.xib */; };
		CE2446B91522D21300C2DB33 /* QuartzCore.framework in Frameworks */ = {isa = PBXBuildFile; fileRef = CE2446B81522D21300C2DB33 /* QuartzCore.framework */; };
		CE43316A15261456006EC577 /* scrollViewWithButtons.m in Sources */ = {isa = PBXBuildFile; fileRef = CE43316915261456006EC577 /* scrollViewWithButtons.m */; };
		E2126E421550F2FB006DA58A /* pathsButton.png in Resources */ = {isa = PBXBuildFile; fileRef = E2126E3B1550F2FB006DA58A /* pathsButton.png */; };
		E2126E431550F2FB006DA58A /* doneButton.png in Resources */ = {isa = PBXBuildFile; fileRef = E2126E3C1550F2FB006DA58A /* doneButton.png */; };
		E2126E441550F2FB006DA58A /* projectsButton.png in Resources */ = {isa = PBXBuildFile; fileRef = E2126E3D1550F2FB006DA58A /* projectsButton.png */; };
		E2126E451550F2FB006DA58A /* addRemoveButton.png in Resources */ = {isa = PBXBuildFile; fileRef = E2126E3E1550F2FB006DA58A /* addRemoveButton.png */; };
		E2126E461550F2FB006DA58A /* pauseButton2.png in Resources */ = {isa = PBXBuildFile; fileRef = E2126E3F1550F2FB006DA58A /* pauseButton2.png */; };
		E2126E471550F2FB006DA58A /* stopButton2.png in Resources */ = {isa = PBXBuildFile; fileRef = E2126E401550F2FB006DA58A /* stopButton2.png */; };
		E2126E481550F2FB006DA58A /* playButton2.png in Resources */ = {isa = PBXBuildFile; fileRef = E2126E411550F2FB006DA58A /* playButton2.png */; };
		E25113F01519230500BBE1F2 /* NotePlayer.m in Sources */ = {isa = PBXBuildFile; fileRef = E25113EF1519230500BBE1F2 /* NotePlayer.m */; };
		E2687D90151FA3A8005BB1F8 /* PathsView.m in Sources */ = {isa = PBXBuildFile; fileRef = E2687D8F151FA3A8005BB1F8 /* PathsView.m */; };
		E28150FD150C513500C8A036 /* Piano.m in Sources */ = {isa = PBXBuildFile; fileRef = E28150FC150C513500C8A036 /* Piano.m */; };
		E288F44E15353855000B0DC8 /* PathListController.m in Sources */ = {isa = PBXBuildFile; fileRef = E288F44C15353855000B0DC8 /* PathListController.m */; };
		E288F44F15353855000B0DC8 /* PathListController.xib in Resources */ = {isa = PBXBuildFile; fileRef = E288F44D15353855000B0DC8 /* PathListController.xib */; };
		E29FF403154E15F5001ECDBC /* ProjectList.m in Sources */ = {isa = PBXBuildFile; fileRef = E29FF401154E15F5001ECDBC /* ProjectList.m */; };
		E29FF404154E15F5001ECDBC /* ProjectList.xib in Resources */ = {isa = PBXBuildFile; fileRef = E29FF402154E15F5001ECDBC /* ProjectList.xib */; };
		E2BD6FE6152E4E5300868501 /* crsynth.dlsc in Resources */ = {isa = PBXBuildFile; fileRef = E2BD6FDF152E4E5300868501 /* crsynth.dlsc */; };
		E2BD6FE7152E4E5300868501 /* Release-iphoneos in Resources */ = {isa = PBXBuildFile; fileRef = E2BD6FE0152E4E5300868501 /* Release-iphoneos */; };
		E2BD6FEA152E4E5300868501 /* Release-iphonesimulator in Resources */ = {isa = PBXBuildFile; fileRef = E2BD6FE3152E4E5300868501 /* Release-iphonesimulator */; };
		E2C4F994154E2E5900D409DD /* pathsMenuButton.png in Resources */ = {isa = PBXBuildFile; fileRef = E2C4F993154E2E5900D409DD /* pathsMenuButton.png */; };
		E2C4F99D154E42DC00D409DD /* ProjectsEditorController.m in Sources */ = {isa = PBXBuildFile; fileRef = E2C4F99B154E42DC00D409DD /* ProjectsEditorController.m */; };
		E2C4F99E154E42DC00D409DD /* ProjectsEditorController.xib in Resources */ = {isa = PBXBuildFile; fileRef = E2C4F99C154E42DC00D409DD /* ProjectsEditorController.xib */; };
		E2C5D77D15291FF40008BA08 /* woodBackground.jpg in Resources */ = {isa = PBXBuildFile; fileRef = E2C5D77C15291FF40008BA08 /* woodBackground.jpg */; };
		E2C768FB152CD28600998B48 /* Icon.png in Resources */ = {isa = PBXBuildFile; fileRef = E2C768FA152CD28600998B48 /* Icon.png */; };
		E2C7A3311551F2B000BD25D7 /* GridProjects.m in Sources */ = {isa = PBXBuildFile; fileRef = E2C7A3301551F2B000BD25D7 /* GridProjects.m */; };
		E2CD9FAE1545103E00D4348D /* default.png in Resources */ = {isa = PBXBuildFile; fileRef = E2CD9FAD1545103E00D4348D /* default.png */; };
		E2D5ECF3152004F700C417C8 /* GridView.m in Sources */ = {isa = PBXBuildFile; fileRef = E2D5ECF2152004F700C417C8 /* GridView.m */; };
		E2D80E35152E487B00B2E1C7 /* AudioToolbox.framework in Frameworks */ = {isa = PBXBuildFile; fileRef = E2D80E34152E487B00B2E1C7 /* AudioToolbox.framework */; };
		E2E4AF59151ABE5300E033E4 /* GridCell.m in Sources */ = {isa = PBXBuildFile; fileRef = E2E4AF58151ABE5300E033E4 /* GridCell.m */; };
		E2EEB81E154E1E3B002C3541 /* pauseButton.png in Resources */ = {isa = PBXBuildFile; fileRef = E2EEB81D154E1E3B002C3541 /* pauseButton.png */; };
		E2EEB822154E1EB0002C3541 /* playButton.png in Resources */ = {isa = PBXBuildFile; fileRef = E2EEB821154E1EB0002C3541 /* playButton.png */; };
		E2EEB826154E2892002C3541 /* stopButton.png in Resources */ = {isa = PBXBuildFile; fileRef = E2EEB825154E2892002C3541 /* stopButton.png */; };
/* End PBXBuildFile section */

/* Begin PBXFileReference section */
		8319430B150BD226003EF364 /* GeometryTunes.app */ = {isa = PBXFileReference; explicitFileType = wrapper.application; includeInIndex = 0; path = GeometryTunes.app; sourceTree = BUILT_PRODUCTS_DIR; };
		8319430F150BD226003EF364 /* UIKit.framework */ = {isa = PBXFileReference; lastKnownFileType = wrapper.framework; name = UIKit.framework; path = System/Library/Frameworks/UIKit.framework; sourceTree = SDKROOT; };
		83194311150BD226003EF364 /* Foundation.framework */ = {isa = PBXFileReference; lastKnownFileType = wrapper.framework; name = Foundation.framework; path = System/Library/Frameworks/Foundation.framework; sourceTree = SDKROOT; };
		83194313150BD226003EF364 /* CoreGraphics.framework */ = {isa = PBXFileReference; lastKnownFileType = wrapper.framework; name = CoreGraphics.framework; path = System/Library/Frameworks/CoreGraphics.framework; sourceTree = SDKROOT; };
		83194317150BD226003EF364 /* GeometryTunes-Info.plist */ = {isa = PBXFileReference; lastKnownFileType = text.plist.xml; path = "GeometryTunes-Info.plist"; sourceTree = "<group>"; };
		83194319150BD226003EF364 /* en */ = {isa = PBXFileReference; lastKnownFileType = text.plist.strings; name = en; path = en.lproj/InfoPlist.strings; sourceTree = "<group>"; };
		8319431B150BD226003EF364 /* main.m */ = {isa = PBXFileReference; lastKnownFileType = sourcecode.c.objc; path = main.m; sourceTree = "<group>"; };
		8319431D150BD226003EF364 /* GeometryTunes-Prefix.pch */ = {isa = PBXFileReference; lastKnownFileType = sourcecode.c.h; path = "GeometryTunes-Prefix.pch"; sourceTree = "<group>"; };
		8319431E150BD226003EF364 /* AppDelegate.h */ = {isa = PBXFileReference; lastKnownFileType = sourcecode.c.h; path = AppDelegate.h; sourceTree = "<group>"; };
		8319431F150BD226003EF364 /* AppDelegate.m */ = {isa = PBXFileReference; lastKnownFileType = sourcecode.c.objc; path = AppDelegate.m; sourceTree = "<group>"; };
		83194321150BD226003EF364 /* ViewController.h */ = {isa = PBXFileReference; lastKnownFileType = sourcecode.c.h; path = ViewController.h; sourceTree = "<group>"; };
		83194322150BD226003EF364 /* ViewController.m */ = {isa = PBXFileReference; lastKnownFileType = sourcecode.c.objc; path = ViewController.m; sourceTree = "<group>"; };
		83194325150BD226003EF364 /* en */ = {isa = PBXFileReference; lastKnownFileType = file.xib; name = en; path = en.lproj/ViewController.xib; sourceTree = "<group>"; };
		8319432C150BD32B003EF364 /* GridView.h */ = {isa = PBXFileReference; fileEncoding = 4; lastKnownFileType = sourcecode.c.h; path = GridView.h; sourceTree = "<group>"; };
		831FF08F150DB112001E9014 /* noteColor.h */ = {isa = PBXFileReference; fileEncoding = 4; lastKnownFileType = sourcecode.c.h; path = noteColor.h; sourceTree = "<group>"; };
		831FF090150DB112001E9014 /* noteColor.m */ = {isa = PBXFileReference; fileEncoding = 4; lastKnownFileType = sourcecode.c.objc; path = noteColor.m; sourceTree = "<group>"; };
		83E3726B151D7069000DCF85 /* NotePath.h */ = {isa = PBXFileReference; fileEncoding = 4; lastKnownFileType = sourcecode.c.h; path = NotePath.h; sourceTree = "<group>"; };
		83E3726C151D7069000DCF85 /* NotePath.m */ = {isa = PBXFileReference; fileEncoding = 4; lastKnownFileType = sourcecode.c.objc; path = NotePath.m; sourceTree = "<group>"; };
		CE11831D154600C400193B2E /* PathEditorController.h */ = {isa = PBXFileReference; fileEncoding = 4; lastKnownFileType = sourcecode.c.h; path = PathEditorController.h; sourceTree = "<group>"; };
		CE11831E154600C400193B2E /* PathEditorController.m */ = {isa = PBXFileReference; fileEncoding = 4; lastKnownFileType = sourcecode.c.objc; path = PathEditorController.m; sourceTree = "<group>"; };
		CE11831F154600C400193B2E /* PathEditorController.xib */ = {isa = PBXFileReference; fileEncoding = 4; lastKnownFileType = file.xib; path = PathEditorController.xib; sourceTree = "<group>"; };
		CE2446B81522D21300C2DB33 /* QuartzCore.framework */ = {isa = PBXFileReference; lastKnownFileType = wrapper.framework; name = QuartzCore.framework; path = System/Library/Frameworks/QuartzCore.framework; sourceTree = SDKROOT; };
		CE43316815261456006EC577 /* scrollViewWithButtons.h */ = {isa = PBXFileReference; fileEncoding = 4; lastKnownFileType = sourcecode.c.h; path = scrollViewWithButtons.h; sourceTree = "<group>"; };
		CE43316915261456006EC577 /* scrollViewWithButtons.m */ = {isa = PBXFileReference; fileEncoding = 4; lastKnownFileType = sourcecode.c.objc; path = scrollViewWithButtons.m; sourceTree = "<group>"; };
		CE5C7C6E151E7D3900B81396 /* noteTypes.h */ = {isa = PBXFileReference; fileEncoding = 4; lastKnownFileType = sourcecode.c.h; path = noteTypes.h; sourceTree = "<group>"; };
		E2126E3B1550F2FB006DA58A /* pathsButton.png */ = {isa = PBXFileReference; lastKnownFileType = image.png; path = pathsButton.png; sourceTree = "<group>"; };
		E2126E3C1550F2FB006DA58A /* doneButton.png */ = {isa = PBXFileReference; lastKnownFileType = image.png; path = doneButton.png; sourceTree = "<group>"; };
		E2126E3D1550F2FB006DA58A /* projectsButton.png */ = {isa = PBXFileReference; lastKnownFileType = image.png; path = projectsButton.png; sourceTree = "<group>"; };
		E2126E3E1550F2FB006DA58A /* addRemoveButton.png */ = {isa = PBXFileReference; lastKnownFileType = image.png; path = addRemoveButton.png; sourceTree = "<group>"; };
		E2126E3F1550F2FB006DA58A /* pauseButton2.png */ = {isa = PBXFileReference; lastKnownFileType = image.png; path = pauseButton2.png; sourceTree = "<group>"; };
		E2126E401550F2FB006DA58A /* stopButton2.png */ = {isa = PBXFileReference; lastKnownFileType = image.png; path = stopButton2.png; sourceTree = "<group>"; };
		E2126E411550F2FB006DA58A /* playButton2.png */ = {isa = PBXFileReference; lastKnownFileType = image.png; path = playButton2.png; sourceTree = "<group>"; };
		E25113EE1519230500BBE1F2 /* NotePlayer.h */ = {isa = PBXFileReference; fileEncoding = 4; lastKnownFileType = sourcecode.c.h; path = NotePlayer.h; sourceTree = "<group>"; };
		E25113EF1519230500BBE1F2 /* NotePlayer.m */ = {isa = PBXFileReference; fileEncoding = 4; lastKnownFileType = sourcecode.c.objc; path = NotePlayer.m; sourceTree = "<group>"; };
		E2687D8E151FA3A8005BB1F8 /* PathsView.h */ = {isa = PBXFileReference; fileEncoding = 4; lastKnownFileType = sourcecode.c.h; path = PathsView.h; sourceTree = "<group>"; };
		E2687D8F151FA3A8005BB1F8 /* PathsView.m */ = {isa = PBXFileReference; fileEncoding = 4; lastKnownFileType = sourcecode.c.objc; path = PathsView.m; sourceTree = "<group>"; };
		E28150FB150C513500C8A036 /* Piano.h */ = {isa = PBXFileReference; fileEncoding = 4; lastKnownFileType = sourcecode.c.h; name = Piano.h; path = GeometryTunes/Piano.h; sourceTree = "<group>"; };
		E28150FC150C513500C8A036 /* Piano.m */ = {isa = PBXFileReference; fileEncoding = 4; lastKnownFileType = sourcecode.c.objc; name = Piano.m; path = GeometryTunes/Piano.m; sourceTree = "<group>"; };
		E288F44B15353855000B0DC8 /* PathListController.h */ = {isa = PBXFileReference; fileEncoding = 4; lastKnownFileType = sourcecode.c.h; path = PathListController.h; sourceTree = "<group>"; };
		E288F44C15353855000B0DC8 /* PathListController.m */ = {isa = PBXFileReference; fileEncoding = 4; lastKnownFileType = sourcecode.c.objc; path = PathListController.m; sourceTree = "<group>"; };
		E288F44D15353855000B0DC8 /* PathListController.xib */ = {isa = PBXFileReference; fileEncoding = 4; lastKnownFileType = file.xib; path = PathListController.xib; sourceTree = "<group>"; };
		E29FF400154E15F5001ECDBC /* ProjectList.h */ = {isa = PBXFileReference; fileEncoding = 4; lastKnownFileType = sourcecode.c.h; path = ProjectList.h; sourceTree = "<group>"; };
		E29FF401154E15F5001ECDBC /* ProjectList.m */ = {isa = PBXFileReference; fileEncoding = 4; lastKnownFileType = sourcecode.c.objc; path = ProjectList.m; sourceTree = "<group>"; };
		E29FF402154E15F5001ECDBC /* ProjectList.xib */ = {isa = PBXFileReference; fileEncoding = 4; lastKnownFileType = file.xib; path = ProjectList.xib; sourceTree = "<group>"; };
		E2BD6FDB152E4DF700868501 /* crmd.h */ = {isa = PBXFileReference; fileEncoding = 4; lastKnownFileType = sourcecode.c.h; name = crmd.h; path = crsynth/crmd.h; sourceTree = "<group>"; };
		E2BD6FDC152E4DF700868501 /* crmp.h */ = {isa = PBXFileReference; fileEncoding = 4; lastKnownFileType = sourcecode.c.h; name = crmp.h; path = crsynth/crmp.h; sourceTree = "<group>"; };
		E2BD6FDF152E4E5300868501 /* crsynth.dlsc */ = {isa = PBXFileReference; lastKnownFileType = file; name = crsynth.dlsc; path = crsynth/crsynth.dlsc; sourceTree = "<group>"; };
		E2BD6FE0152E4E5300868501 /* Release-iphoneos */ = {isa = PBXFileReference; lastKnownFileType = folder; name = "Release-iphoneos"; path = "crsynth/Release-iphoneos"; sourceTree = "<group>"; };
		E2BD6FE1152E4E5300868501 /* libcrmpd.a */ = {isa = PBXFileReference; lastKnownFileType = archive.ar; name = libcrmpd.a; path = "crsynth/Release-iphoneos/libcrmpd.a"; sourceTree = "<group>"; };
		E2BD6FE2152E4E5300868501 /* libcrse.a */ = {isa = PBXFileReference; lastKnownFileType = archive.ar; name = libcrse.a; path = "crsynth/Release-iphoneos/libcrse.a"; sourceTree = "<group>"; };
		E2BD6FE3152E4E5300868501 /* Release-iphonesimulator */ = {isa = PBXFileReference; lastKnownFileType = folder; name = "Release-iphonesimulator"; path = "crsynth/Release-iphonesimulator"; sourceTree = "<group>"; };
		E2BD6FE4152E4E5300868501 /* libcrmpd.a */ = {isa = PBXFileReference; lastKnownFileType = archive.ar; name = libcrmpd.a; path = "crsynth/Release-iphonesimulator/libcrmpd.a"; sourceTree = "<group>"; };
		E2BD6FE5152E4E5300868501 /* libcrse.a */ = {isa = PBXFileReference; lastKnownFileType = archive.ar; name = libcrse.a; path = "crsynth/Release-iphonesimulator/libcrse.a"; sourceTree = "<group>"; };
		E2C4F993154E2E5900D409DD /* pathsMenuButton.png */ = {isa = PBXFileReference; lastKnownFileType = image.png; path = pathsMenuButton.png; sourceTree = "<group>"; };
		E2C4F99A154E42DC00D409DD /* ProjectsEditorController.h */ = {isa = PBXFileReference; fileEncoding = 4; lastKnownFileType = sourcecode.c.h; path = ProjectsEditorController.h; sourceTree = "<group>"; };
		E2C4F99B154E42DC00D409DD /* ProjectsEditorController.m */ = {isa = PBXFileReference; fileEncoding = 4; lastKnownFileType = sourcecode.c.objc; path = ProjectsEditorController.m; sourceTree = "<group>"; };
		E2C4F99C154E42DC00D409DD /* ProjectsEditorController.xib */ = {isa = PBXFileReference; fileEncoding = 4; lastKnownFileType = file.xib; path = ProjectsEditorController.xib; sourceTree = "<group>"; };
		E2C5D77C15291FF40008BA08 /* woodBackground.jpg */ = {isa = PBXFileReference; lastKnownFileType = image.jpeg; name = woodBackground.jpg; path = images/woodBackground.jpg; sourceTree = "<group>"; };
		E2C768FA152CD28600998B48 /* Icon.png */ = {isa = PBXFileReference; lastKnownFileType = image.png; path = Icon.png; sourceTree = "<group>"; };
		E2C7A32F1551F2B000BD25D7 /* GridProjects.h */ = {isa = PBXFileReference; fileEncoding = 4; lastKnownFileType = sourcecode.c.h; path = GridProjects.h; sourceTree = SOURCE_ROOT; };
		E2C7A3301551F2B000BD25D7 /* GridProjects.m */ = {isa = PBXFileReference; fileEncoding = 4; lastKnownFileType = sourcecode.c.objc; path = GridProjects.m; sourceTree = SOURCE_ROOT; };
		E2CD9FAD1545103E00D4348D /* default.png */ = {isa = PBXFileReference; lastKnownFileType = image.png; path = default.png; sourceTree = "<group>"; };
		E2D5ECF2152004F700C417C8 /* GridView.m */ = {isa = PBXFileReference; fileEncoding = 4; lastKnownFileType = sourcecode.c.objc; path = GridView.m; sourceTree = "<group>"; };
		E2D80E34152E487B00B2E1C7 /* AudioToolbox.framework */ = {isa = PBXFileReference; lastKnownFileType = wrapper.framework; name = AudioToolbox.framework; path = System/Library/Frameworks/AudioToolbox.framework; sourceTree = SDKROOT; };
		E2E4AF57151ABE5300E033E4 /* GridCell.h */ = {isa = PBXFileReference; fileEncoding = 4; lastKnownFileType = sourcecode.c.h; path = GridCell.h; sourceTree = "<group>"; };
		E2E4AF58151ABE5300E033E4 /* GridCell.m */ = {isa = PBXFileReference; fileEncoding = 4; lastKnownFileType = sourcecode.c.objc; path = GridCell.m; sourceTree = "<group>"; };
		E2EBF93B151FAA4D00D34B53 /* CoreFoundation.framework */ = {isa = PBXFileReference; lastKnownFileType = wrapper.framework; name = CoreFoundation.framework; path = System/Library/Frameworks/CoreFoundation.framework; sourceTree = SDKROOT; };
		E2EEB81D154E1E3B002C3541 /* pauseButton.png */ = {isa = PBXFileReference; lastKnownFileType = image.png; path = pauseButton.png; sourceTree = "<group>"; };
		E2EEB821154E1EB0002C3541 /* playButton.png */ = {isa = PBXFileReference; lastKnownFileType = image.png; path = playButton.png; sourceTree = "<group>"; };
		E2EEB825154E2892002C3541 /* stopButton.png */ = {isa = PBXFileReference; lastKnownFileType = image.png; path = stopButton.png; sourceTree = "<group>"; };
/* End PBXFileReference section */

/* Begin PBXFrameworksBuildPhase section */
		83194308150BD226003EF364 /* Frameworks */ = {
			isa = PBXFrameworksBuildPhase;
			buildActionMask = 2147483647;
			files = (
				E2D80E35152E487B00B2E1C7 /* AudioToolbox.framework in Frameworks */,
				CE2446B91522D21300C2DB33 /* QuartzCore.framework in Frameworks */,
				83194310150BD226003EF364 /* UIKit.framework in Frameworks */,
				83194312150BD226003EF364 /* Foundation.framework in Frameworks */,
				83194314150BD226003EF364 /* CoreGraphics.framework in Frameworks */,
			);
			runOnlyForDeploymentPostprocessing = 0;
		};
/* End PBXFrameworksBuildPhase section */

/* Begin PBXGroup section */
		83194300150BD226003EF364 = {
			isa = PBXGroup;
			children = (
				E29FF3FE154E15D7001ECDBC /* UserProjects */,
				E2CD9FAD1545103E00D4348D /* default.png */,
				8319430E150BD226003EF364 /* Frameworks */,
				83194315150BD226003EF364 /* GeometryTunes */,
				E2E4AF57151ABE5300E033E4 /* GridCell.h */,
				E2E4AF58151ABE5300E033E4 /* GridCell.m */,
				8319432C150BD32B003EF364 /* GridView.h */,
				E2D5ECF2152004F700C417C8 /* GridView.m */,
				E2C5D77A15291FA00008BA08 /* images */,
				E2BD6FDE152E4E2F00868501 /* midi */,
				831FF08F150DB112001E9014 /* noteColor.h */,
				831FF090150DB112001E9014 /* noteColor.m */,
				E227B2BB153537F5002D9B13 /* Paths */,
				E25113EE1519230500BBE1F2 /* NotePlayer.h */,
				E25113EF1519230500BBE1F2 /* NotePlayer.m */,
				CE5C7C6E151E7D3900B81396 /* noteTypes.h */,
				E205F7B5152E6F6C001CAF14 /* Keyboard */,
				8319430C150BD226003EF364 /* Products */,
			);
			sourceTree = "<group>";
		};
		8319430C150BD226003EF364 /* Products */ = {
			isa = PBXGroup;
			children = (
				8319430B150BD226003EF364 /* GeometryTunes.app */,
			);
			name = Products;
			sourceTree = "<group>";
		};
		8319430E150BD226003EF364 /* Frameworks */ = {
			isa = PBXGroup;
			children = (
				CE2446B81522D21300C2DB33 /* QuartzCore.framework */,
				E2D80E34152E487B00B2E1C7 /* AudioToolbox.framework */,
				E2EBF93B151FAA4D00D34B53 /* CoreFoundation.framework */,
				8319430F150BD226003EF364 /* UIKit.framework */,
				83194311150BD226003EF364 /* Foundation.framework */,
				83194313150BD226003EF364 /* CoreGraphics.framework */,
			);
			name = Frameworks;
			sourceTree = "<group>";
		};
		83194315150BD226003EF364 /* GeometryTunes */ = {
			isa = PBXGroup;
			children = (
				8319431E150BD226003EF364 /* AppDelegate.h */,
				8319431F150BD226003EF364 /* AppDelegate.m */,
				83194321150BD226003EF364 /* ViewController.h */,
				83194322150BD226003EF364 /* ViewController.m */,
				83194324150BD226003EF364 /* ViewController.xib */,
				83194316150BD226003EF364 /* Supporting Files */,
			);
			path = GeometryTunes;
			sourceTree = "<group>";
		};
		83194316150BD226003EF364 /* Supporting Files */ = {
			isa = PBXGroup;
			children = (
				83194317150BD226003EF364 /* GeometryTunes-Info.plist */,
				83194318150BD226003EF364 /* InfoPlist.strings */,
				8319431B150BD226003EF364 /* main.m */,
				8319431D150BD226003EF364 /* GeometryTunes-Prefix.pch */,
			);
			name = "Supporting Files";
			sourceTree = "<group>";
		};
		E205F7B5152E6F6C001CAF14 /* Keyboard */ = {
			isa = PBXGroup;
			children = (
				CE43316815261456006EC577 /* scrollViewWithButtons.h */,
				CE43316915261456006EC577 /* scrollViewWithButtons.m */,
				E28150FB150C513500C8A036 /* Piano.h */,
				E28150FC150C513500C8A036 /* Piano.m */,
			);
			name = Keyboard;
			sourceTree = "<group>";
		};
		E227B2BB153537F5002D9B13 /* Paths */ = {
			isa = PBXGroup;
			children = (
				CE11831D154600C400193B2E /* PathEditorController.h */,
				CE11831E154600C400193B2E /* PathEditorController.m */,
				CE11831F154600C400193B2E /* PathEditorController.xib */,
				E288F44B15353855000B0DC8 /* PathListController.h */,
				E288F44C15353855000B0DC8 /* PathListController.m */,
				E288F44D15353855000B0DC8 /* PathListController.xib */,
				E2687D8E151FA3A8005BB1F8 /* PathsView.h */,
				E2687D8F151FA3A8005BB1F8 /* PathsView.m */,
				83E3726B151D7069000DCF85 /* NotePath.h */,
				83E3726C151D7069000DCF85 /* NotePath.m */,
			);
			name = Paths;
			sourceTree = "<group>";
		};
		E29FF3FE154E15D7001ECDBC /* UserProjects */ = {
			isa = PBXGroup;
			children = (
				E2C7A32F1551F2B000BD25D7 /* GridProjects.h */,
				E2C7A3301551F2B000BD25D7 /* GridProjects.m */,
				E29FF400154E15F5001ECDBC /* ProjectList.h */,
				E29FF401154E15F5001ECDBC /* ProjectList.m */,
				E29FF402154E15F5001ECDBC /* ProjectList.xib */,
				E2C4F99A154E42DC00D409DD /* ProjectsEditorController.h */,
				E2C4F99B154E42DC00D409DD /* ProjectsEditorController.m */,
				E2C4F99C154E42DC00D409DD /* ProjectsEditorController.xib */,
			);
			name = UserProjects;
			sourceTree = "<group>";
		};
		E2BD6FDE152E4E2F00868501 /* midi */ = {
			isa = PBXGroup;
			children = (
				E2BD6FDF152E4E5300868501 /* crsynth.dlsc */,
				E2BD6FE0152E4E5300868501 /* Release-iphoneos */,
				E2BD6FE1152E4E5300868501 /* libcrmpd.a */,
				E2BD6FE2152E4E5300868501 /* libcrse.a */,
				E2BD6FE3152E4E5300868501 /* Release-iphonesimulator */,
				E2BD6FE4152E4E5300868501 /* libcrmpd.a */,
				E2BD6FE5152E4E5300868501 /* libcrse.a */,
				E2BD6FDB152E4DF700868501 /* crmd.h */,
				E2BD6FDC152E4DF700868501 /* crmp.h */,
			);
			name = midi;
			sourceTree = "<group>";
		};
		E2C5D77A15291FA00008BA08 /* images */ = {
			isa = PBXGroup;
			children = (
				E2126E3B1550F2FB006DA58A /* pathsButton.png */,
				E2126E3C1550F2FB006DA58A /* doneButton.png */,
				E2126E3D1550F2FB006DA58A /* projectsButton.png */,
				E2126E3E1550F2FB006DA58A /* addRemoveButton.png */,
				E2126E3F1550F2FB006DA58A /* pauseButton2.png */,
				E2126E401550F2FB006DA58A /* stopButton2.png */,
				E2126E411550F2FB006DA58A /* playButton2.png */,
				E2C4F993154E2E5900D409DD /* pathsMenuButton.png */,
				E2EEB825154E2892002C3541 /* stopButton.png */,
				E2EEB821154E1EB0002C3541 /* playButton.png */,
				E2EEB81D154E1E3B002C3541 /* pauseButton.png */,
				E2C768FA152CD28600998B48 /* Icon.png */,
				E2C5D77C15291FF40008BA08 /* woodBackground.jpg */,
			);
			name = images;
			sourceTree = "<group>";
		};
/* End PBXGroup section */

/* Begin PBXNativeTarget section */
		8319430A150BD226003EF364 /* GeometryTunes */ = {
			isa = PBXNativeTarget;
			buildConfigurationList = 83194329150BD226003EF364 /* Build configuration list for PBXNativeTarget "GeometryTunes" */;
			buildPhases = (
				83194307150BD226003EF364 /* Sources */,
				83194308150BD226003EF364 /* Frameworks */,
				83194309150BD226003EF364 /* Resources */,
			);
			buildRules = (
			);
			dependencies = (
			);
			name = GeometryTunes;
			productName = GeometryTunes;
			productReference = 8319430B150BD226003EF364 /* GeometryTunes.app */;
			productType = "com.apple.product-type.application";
		};
/* End PBXNativeTarget section */

/* Begin PBXProject section */
		83194302150BD226003EF364 /* Project object */ = {
			isa = PBXProject;
			attributes = {
				LastUpgradeCheck = 0430;
				ORGANIZATIONNAME = "Tufts University";
			};
			buildConfigurationList = 83194305150BD226003EF364 /* Build configuration list for PBXProject "GeometryTunes" */;
			compatibilityVersion = "Xcode 3.2";
			developmentRegion = English;
			hasScannedForEncodings = 0;
			knownRegions = (
				en,
			);
			mainGroup = 83194300150BD226003EF364;
			productRefGroup = 8319430C150BD226003EF364 /* Products */;
			projectDirPath = "";
			projectRoot = "";
			targets = (
				8319430A150BD226003EF364 /* GeometryTunes */,
			);
		};
/* End PBXProject section */

/* Begin PBXResourcesBuildPhase section */
		83194309150BD226003EF364 /* Resources */ = {
			isa = PBXResourcesBuildPhase;
			buildActionMask = 2147483647;
			files = (
				8319431A150BD226003EF364 /* InfoPlist.strings in Resources */,
				83194326150BD226003EF364 /* ViewController.xib in Resources */,
				E2C5D77D15291FF40008BA08 /* woodBackground.jpg in Resources */,
				E2C768FB152CD28600998B48 /* Icon.png in Resources */,
				E2BD6FE6152E4E5300868501 /* crsynth.dlsc in Resources */,
				E2BD6FE7152E4E5300868501 /* Release-iphoneos in Resources */,
				E2BD6FEA152E4E5300868501 /* Release-iphonesimulator in Resources */,
				E288F44F15353855000B0DC8 /* PathListController.xib in Resources */,
				E2CD9FAE1545103E00D4348D /* default.png in Resources */,
				CE118321154600C400193B2E /* PathEditorController.xib in Resources */,
				E29FF404154E15F5001ECDBC /* ProjectList.xib in Resources */,
				E2EEB81E154E1E3B002C3541 /* pauseButton.png in Resources */,
				E2EEB822154E1EB0002C3541 /* playButton.png in Resources */,
				E2EEB826154E2892002C3541 /* stopButton.png in Resources */,
				E2C4F994154E2E5900D409DD /* pathsMenuButton.png in Resources */,
				E2C4F99E154E42DC00D409DD /* ProjectsEditorController.xib in Resources */,
				E2126E421550F2FB006DA58A /* pathsButton.png in Resources */,
				E2126E431550F2FB006DA58A /* doneButton.png in Resources */,
				E2126E441550F2FB006DA58A /* projectsButton.png in Resources */,
				E2126E451550F2FB006DA58A /* addRemoveButton.png in Resources */,
				E2126E461550F2FB006DA58A /* pauseButton2.png in Resources */,
				E2126E471550F2FB006DA58A /* stopButton2.png in Resources */,
				E2126E481550F2FB006DA58A /* playButton2.png in Resources */,
			);
			runOnlyForDeploymentPostprocessing = 0;
		};
/* End PBXResourcesBuildPhase section */

/* Begin PBXSourcesBuildPhase section */
		83194307150BD226003EF364 /* Sources */ = {
			isa = PBXSourcesBuildPhase;
			buildActionMask = 2147483647;
			files = (
				8319431C150BD226003EF364 /* main.m in Sources */,
				83194320150BD226003EF364 /* AppDelegate.m in Sources */,
				83194323150BD226003EF364 /* ViewController.m in Sources */,
				E28150FD150C513500C8A036 /* Piano.m in Sources */,
				831FF091150DB113001E9014 /* noteColor.m in Sources */,
				E25113F01519230500BBE1F2 /* NotePlayer.m in Sources */,
				E2E4AF59151ABE5300E033E4 /* GridCell.m in Sources */,
				83E3726D151D7069000DCF85 /* NotePath.m in Sources */,
				E2687D90151FA3A8005BB1F8 /* PathsView.m in Sources */,
				E2D5ECF3152004F700C417C8 /* GridView.m in Sources */,
				CE43316A15261456006EC577 /* scrollViewWithButtons.m in Sources */,
				E288F44E15353855000B0DC8 /* PathListController.m in Sources */,
				CE118320154600C400193B2E /* PathEditorController.m in Sources */,
				E29FF403154E15F5001ECDBC /* ProjectList.m in Sources */,
				E2C4F99D154E42DC00D409DD /* ProjectsEditorController.m in Sources */,
				E2C7A3311551F2B000BD25D7 /* GridProjects.m in Sources */,
			);
			runOnlyForDeploymentPostprocessing = 0;
		};
/* End PBXSourcesBuildPhase section */

/* Begin PBXVariantGroup section */
		83194318150BD226003EF364 /* InfoPlist.strings */ = {
			isa = PBXVariantGroup;
			children = (
				83194319150BD226003EF364 /* en */,
			);
			name = InfoPlist.strings;
			sourceTree = "<group>";
		};
		83194324150BD226003EF364 /* ViewController.xib */ = {
			isa = PBXVariantGroup;
			children = (
				83194325150BD226003EF364 /* en */,
			);
			name = ViewController.xib;
			sourceTree = "<group>";
		};
/* End PBXVariantGroup section */

/* Begin XCBuildConfiguration section */
		83194327150BD226003EF364 /* Debug */ = {
			isa = XCBuildConfiguration;
			buildSettings = {
				ALWAYS_SEARCH_USER_PATHS = NO;
				ARCHS = "$(ARCHS_STANDARD_32_BIT)";
				CLANG_ENABLE_OBJC_ARC = YES;
				"CODE_SIGN_IDENTITY[sdk=iphoneos*]" = "iPhone Developer";
				COPY_PHASE_STRIP = NO;
				GCC_C_LANGUAGE_STANDARD = gnu99;
				GCC_DYNAMIC_NO_PIC = NO;
				GCC_OPTIMIZATION_LEVEL = 0;
				GCC_PREPROCESSOR_DEFINITIONS = (
					"DEBUG=1",
					"$(inherited)",
				);
				GCC_SYMBOLS_PRIVATE_EXTERN = NO;
				GCC_VERSION = com.apple.compilers.llvm.clang.1_0;
				GCC_WARN_ABOUT_MISSING_PROTOTYPES = YES;
				GCC_WARN_ABOUT_RETURN_TYPE = YES;
				GCC_WARN_UNUSED_VARIABLE = YES;
				IPHONEOS_DEPLOYMENT_TARGET = 5.0;
				SDKROOT = iphoneos;
				TARGETED_DEVICE_FAMILY = 2;
			};
			name = Debug;
		};
		83194328150BD226003EF364 /* Release */ = {
			isa = XCBuildConfiguration;
			buildSettings = {
				ALWAYS_SEARCH_USER_PATHS = NO;
				ARCHS = "$(ARCHS_STANDARD_32_BIT)";
				CLANG_ENABLE_OBJC_ARC = YES;
				"CODE_SIGN_IDENTITY[sdk=iphoneos*]" = "iPhone Developer";
				COPY_PHASE_STRIP = YES;
				GCC_C_LANGUAGE_STANDARD = gnu99;
				GCC_VERSION = com.apple.compilers.llvm.clang.1_0;
				GCC_WARN_ABOUT_MISSING_PROTOTYPES = YES;
				GCC_WARN_ABOUT_RETURN_TYPE = YES;
				GCC_WARN_UNUSED_VARIABLE = YES;
				IPHONEOS_DEPLOYMENT_TARGET = 5.0;
				OTHER_CFLAGS = "-DNS_BLOCK_ASSERTIONS=1";
				SDKROOT = iphoneos;
				TARGETED_DEVICE_FAMILY = 2;
				VALIDATE_PRODUCT = YES;
			};
			name = Release;
		};
		8319432A150BD226003EF364 /* Debug */ = {
			isa = XCBuildConfiguration;
			buildSettings = {
				GCC_PRECOMPILE_PREFIX_HEADER = YES;
				GCC_PREFIX_HEADER = "GeometryTunes/GeometryTunes-Prefix.pch";
				INFOPLIST_FILE = "GeometryTunes/GeometryTunes-Info.plist";
				LIBRARY_SEARCH_PATHS = (
					"$(inherited)",
					"\"$(SRCROOT)/crsynth/Release-iphoneos\"",
					"\"$(SRCROOT)/crsynth/Release-iphonesimulator\"",
				);
				"OTHER_LDFLAGS[sdk=iphoneos*][arch=*]" = (
					"./crsynth/Release-iphoneos/libcrse.a",
					"./crsynth/Release-iphoneos/libcrmpd.a",
				);
				"OTHER_LDFLAGS[sdk=iphonesimulator*][arch=*]" = (
					"./crsynth/Release-iphonesimulator/libcrse.a",
					"./crsynth/Release-iphonesimulator/libcrmpd.a",
				);
				PRODUCT_NAME = "$(TARGET_NAME)";
				WRAPPER_EXTENSION = app;
			};
			name = Debug;
		};
		8319432B150BD226003EF364 /* Release */ = {
			isa = XCBuildConfiguration;
			buildSettings = {
				GCC_PRECOMPILE_PREFIX_HEADER = YES;
				GCC_PREFIX_HEADER = "GeometryTunes/GeometryTunes-Prefix.pch";
				INFOPLIST_FILE = "GeometryTunes/GeometryTunes-Info.plist";
				LIBRARY_SEARCH_PATHS = (
					"$(inherited)",
					"\"$(SRCROOT)/crsynth/Release-iphoneos\"",
					"\"$(SRCROOT)/crsynth/Release-iphonesimulator\"",
				);
				"OTHER_LDFLAGS[sdk=iphoneos*][arch=*]" = (
					"./crsynth/Release-iphoneos/libcrse.a",
					"./crsynth/Release-iphoneos/libcrmpd.a",
				);
				"OTHER_LDFLAGS[sdk=iphonesimulator*][arch=*]" = (
					"./crsynth/Release-iphonesimulator/libcrse.a",
					"./crsynth/Release-iphonesimulator/libcrmpd.a",
				);
				PRODUCT_NAME = "$(TARGET_NAME)";
				WRAPPER_EXTENSION = app;
			};
			name = Release;
		};
/* End XCBuildConfiguration section */

/* Begin XCConfigurationList section */
		83194305150BD226003EF364 /* Build configuration list for PBXProject "GeometryTunes" */ = {
			isa = XCConfigurationList;
			buildConfigurations = (
				83194327150BD226003EF364 /* Debug */,
				83194328150BD226003EF364 /* Release */,
			);
			defaultConfigurationIsVisible = 0;
			defaultConfigurationName = Release;
		};
		83194329150BD226003EF364 /* Build configuration list for PBXNativeTarget "GeometryTunes" */ = {
			isa = XCConfigurationList;
			buildConfigurations = (
				8319432A150BD226003EF364 /* Debug */,
				8319432B150BD226003EF364 /* Release */,
			);
			defaultConfigurationIsVisible = 0;
			defaultConfigurationName = Release;
		};
/* End XCConfigurationList section */
	};
	rootObject = 83194302150BD226003EF364 /* Project object */;
}
