// !$*UTF8*$!
{
	archiveVersion = 1;
	classes = {
	};
	objectVersion = 46;
	objects = {

/* Begin PBXBuildFile section */
		83194310150BD226003EF364 /* UIKit.framework in Frameworks */ = {isa = PBXBuildFile; fileRef = 8319430F150BD226003EF364 /* UIKit.framework */; };
		83194312150BD226003EF364 /* Foundation.framework in Frameworks */ = {isa = PBXBuildFile; fileRef = 83194311150BD226003EF364 /* Foundation.framework */; };
		83194314150BD226003EF364 /* CoreGraphics.framework in Frameworks */ = {isa = PBXBuildFile; fileRef = 83194313150BD226003EF364 /* CoreGraphics.framework */; };
		8319431A150BD226003EF364 /* InfoPlist.strings in Resources */ = {isa = PBXBuildFile; fileRef = 83194318150BD226003EF364 /* InfoPlist.strings */; };
		8319431C150BD226003EF364 /* main.m in Sources */ = {isa = PBXBuildFile; fileRef = 8319431B150BD226003EF364 /* main.m */; };
		83194320150BD226003EF364 /* AppDelegate.m in Sources */ = {isa = PBXBuildFile; fileRef = 8319431F150BD226003EF364 /* AppDelegate.m */; };
		83194323150BD226003EF364 /* ViewController.m in Sources */ = {isa = PBXBuildFile; fileRef = 83194322150BD226003EF364 /* ViewController.m */; };
		83194326150BD226003EF364 /* ViewController.xib in Resources */ = {isa = PBXBuildFile; fileRef = 83194324150BD226003EF364 /* ViewController.xib */; };
		8319432E150BD32B003EF364 /* GridView.m in Sources */ = {isa = PBXBuildFile; fileRef = 8319432D150BD32B003EF364 /* GridView.m */; };
		831FF091150DB113001E9014 /* noteColor.m in Sources */ = {isa = PBXBuildFile; fileRef = 831FF090150DB112001E9014 /* noteColor.m */; };
		83535031151D7F0E00C7B574 /* Ab2.mp3 in Resources */ = {isa = PBXBuildFile; fileRef = 83534FE3151D7F0E00C7B574 /* Ab2.mp3 */; };
		83535032151D7F0E00C7B574 /* Ab3.mp3 in Resources */ = {isa = PBXBuildFile; fileRef = 83534FE4151D7F0E00C7B574 /* Ab3.mp3 */; };
		83535033151D7F0E00C7B574 /* Ab4.mp3 in Resources */ = {isa = PBXBuildFile; fileRef = 83534FE5151D7F0E00C7B574 /* Ab4.mp3 */; };
		83535034151D7F0E00C7B574 /* Ab5.mp3 in Resources */ = {isa = PBXBuildFile; fileRef = 83534FE6151D7F0E00C7B574 /* Ab5.mp3 */; };
		83535035151D7F0E00C7B574 /* Ab6.mp3 in Resources */ = {isa = PBXBuildFile; fileRef = 83534FE7151D7F0E00C7B574 /* Ab6.mp3 */; };
		83535036151D7F0E00C7B574 /* Ab7.mp3 in Resources */ = {isa = PBXBuildFile; fileRef = 83534FE8151D7F0E00C7B574 /* Ab7.mp3 */; };
		83535037151D7F0E00C7B574 /* B0.mp3 in Resources */ = {isa = PBXBuildFile; fileRef = 83534FE9151D7F0E00C7B574 /* B0.mp3 */; };
		83535038151D7F0E00C7B574 /* B1.mp3 in Resources */ = {isa = PBXBuildFile; fileRef = 83534FEA151D7F0E00C7B574 /* B1.mp3 */; };
		83535039151D7F0E00C7B574 /* B2.mp3 in Resources */ = {isa = PBXBuildFile; fileRef = 83534FEB151D7F0E00C7B574 /* B2.mp3 */; };
		8353503A151D7F0E00C7B574 /* B3.mp3 in Resources */ = {isa = PBXBuildFile; fileRef = 83534FEC151D7F0E00C7B574 /* B3.mp3 */; };
		8353503B151D7F0E00C7B574 /* B4.mp3 in Resources */ = {isa = PBXBuildFile; fileRef = 83534FED151D7F0E00C7B574 /* B4.mp3 */; };
		8353503C151D7F0E00C7B574 /* B5.mp3 in Resources */ = {isa = PBXBuildFile; fileRef = 83534FEE151D7F0E00C7B574 /* B5.mp3 */; };
		8353503D151D7F0E00C7B574 /* B6.mp3 in Resources */ = {isa = PBXBuildFile; fileRef = 83534FEF151D7F0E00C7B574 /* B6.mp3 */; };
		8353503E151D7F0E00C7B574 /* B7.mp3 in Resources */ = {isa = PBXBuildFile; fileRef = 83534FF0151D7F0E00C7B574 /* B7.mp3 */; };
		8353503F151D7F0E00C7B574 /* Bb1.mp3 in Resources */ = {isa = PBXBuildFile; fileRef = 83534FF1151D7F0E00C7B574 /* Bb1.mp3 */; };
		83535040151D7F0E00C7B574 /* Bb2.mp3 in Resources */ = {isa = PBXBuildFile; fileRef = 83534FF2151D7F0E00C7B574 /* Bb2.mp3 */; };
		83535041151D7F0E00C7B574 /* Bb3.mp3 in Resources */ = {isa = PBXBuildFile; fileRef = 83534FF3151D7F0E00C7B574 /* Bb3.mp3 */; };
		83535042151D7F0E00C7B574 /* Bb4.mp3 in Resources */ = {isa = PBXBuildFile; fileRef = 83534FF4151D7F0E00C7B574 /* Bb4.mp3 */; };
		83535043151D7F0E00C7B574 /* Bb5.mp3 in Resources */ = {isa = PBXBuildFile; fileRef = 83534FF5151D7F0E00C7B574 /* Bb5.mp3 */; };
		83535044151D7F0E00C7B574 /* Bb6.mp3 in Resources */ = {isa = PBXBuildFile; fileRef = 83534FF6151D7F0E00C7B574 /* Bb6.mp3 */; };
		83535045151D7F0E00C7B574 /* Bb7.mp3 in Resources */ = {isa = PBXBuildFile; fileRef = 83534FF7151D7F0E00C7B574 /* Bb7.mp3 */; };
		83535046151D7F0E00C7B574 /* C1.mp3 in Resources */ = {isa = PBXBuildFile; fileRef = 83534FF8151D7F0E00C7B574 /* C1.mp3 */; };
		83535047151D7F0E00C7B574 /* C2.mp3 in Resources */ = {isa = PBXBuildFile; fileRef = 83534FF9151D7F0E00C7B574 /* C2.mp3 */; };
		83535048151D7F0E00C7B574 /* C3.mp3 in Resources */ = {isa = PBXBuildFile; fileRef = 83534FFA151D7F0E00C7B574 /* C3.mp3 */; };
		83535049151D7F0E00C7B574 /* C4.mp3 in Resources */ = {isa = PBXBuildFile; fileRef = 83534FFB151D7F0E00C7B574 /* C4.mp3 */; };
		8353504A151D7F0E00C7B574 /* C5.mp3 in Resources */ = {isa = PBXBuildFile; fileRef = 83534FFC151D7F0E00C7B574 /* C5.mp3 */; };
		8353504B151D7F0E00C7B574 /* C6.mp3 in Resources */ = {isa = PBXBuildFile; fileRef = 83534FFD151D7F0E00C7B574 /* C6.mp3 */; };
		8353504C151D7F0E00C7B574 /* C7.mp3 in Resources */ = {isa = PBXBuildFile; fileRef = 83534FFE151D7F0E00C7B574 /* C7.mp3 */; };
		8353504D151D7F0E00C7B574 /* C8.mp3 in Resources */ = {isa = PBXBuildFile; fileRef = 83534FFF151D7F0E00C7B574 /* C8.mp3 */; };
		8353504E151D7F0E00C7B574 /* D1.mp3 in Resources */ = {isa = PBXBuildFile; fileRef = 83535000151D7F0E00C7B574 /* D1.mp3 */; };
		8353504F151D7F0E00C7B574 /* D2.mp3 in Resources */ = {isa = PBXBuildFile; fileRef = 83535001151D7F0E00C7B574 /* D2.mp3 */; };
		83535050151D7F0E00C7B574 /* D3.mp3 in Resources */ = {isa = PBXBuildFile; fileRef = 83535002151D7F0E00C7B574 /* D3.mp3 */; };
		83535051151D7F0E00C7B574 /* D4.mp3 in Resources */ = {isa = PBXBuildFile; fileRef = 83535003151D7F0E00C7B574 /* D4.mp3 */; };
		83535052151D7F0E00C7B574 /* D5.mp3 in Resources */ = {isa = PBXBuildFile; fileRef = 83535004151D7F0E00C7B574 /* D5.mp3 */; };
		83535053151D7F0E00C7B574 /* D6.mp3 in Resources */ = {isa = PBXBuildFile; fileRef = 83535005151D7F0E00C7B574 /* D6.mp3 */; };
		83535054151D7F0E00C7B574 /* D7.mp3 in Resources */ = {isa = PBXBuildFile; fileRef = 83535006151D7F0E00C7B574 /* D7.mp3 */; };
		83535055151D7F0E00C7B574 /* Db1.mp3 in Resources */ = {isa = PBXBuildFile; fileRef = 83535007151D7F0E00C7B574 /* Db1.mp3 */; };
		83535056151D7F0E00C7B574 /* Db2.mp3 in Resources */ = {isa = PBXBuildFile; fileRef = 83535008151D7F0E00C7B574 /* Db2.mp3 */; };
		83535057151D7F0E00C7B574 /* Db3.mp3 in Resources */ = {isa = PBXBuildFile; fileRef = 83535009151D7F0E00C7B574 /* Db3.mp3 */; };
		83535058151D7F0E00C7B574 /* Db4.mp3 in Resources */ = {isa = PBXBuildFile; fileRef = 8353500A151D7F0E00C7B574 /* Db4.mp3 */; };
		83535059151D7F0E00C7B574 /* Db5.mp3 in Resources */ = {isa = PBXBuildFile; fileRef = 8353500B151D7F0E00C7B574 /* Db5.mp3 */; };
		8353505A151D7F0E00C7B574 /* Db6.mp3 in Resources */ = {isa = PBXBuildFile; fileRef = 8353500C151D7F0E00C7B574 /* Db6.mp3 */; };
		8353505B151D7F0E00C7B574 /* Db7.mp3 in Resources */ = {isa = PBXBuildFile; fileRef = 8353500D151D7F0E00C7B574 /* Db7.mp3 */; };
		8353505C151D7F0E00C7B574 /* E1.mp3 in Resources */ = {isa = PBXBuildFile; fileRef = 8353500E151D7F0E00C7B574 /* E1.mp3 */; };
		8353505D151D7F0E00C7B574 /* E2.mp3 in Resources */ = {isa = PBXBuildFile; fileRef = 8353500F151D7F0E00C7B574 /* E2.mp3 */; };
		8353505E151D7F0E00C7B574 /* E3.mp3 in Resources */ = {isa = PBXBuildFile; fileRef = 83535010151D7F0E00C7B574 /* E3.mp3 */; };
		8353505F151D7F0E00C7B574 /* E4.mp3 in Resources */ = {isa = PBXBuildFile; fileRef = 83535011151D7F0E00C7B574 /* E4.mp3 */; };
		83535060151D7F0E00C7B574 /* E5.mp3 in Resources */ = {isa = PBXBuildFile; fileRef = 83535012151D7F0E00C7B574 /* E5.mp3 */; };
		83535061151D7F0E00C7B574 /* E6.mp3 in Resources */ = {isa = PBXBuildFile; fileRef = 83535013151D7F0E00C7B574 /* E6.mp3 */; };
		83535062151D7F0E00C7B574 /* E7.mp3 in Resources */ = {isa = PBXBuildFile; fileRef = 83535014151D7F0E00C7B574 /* E7.mp3 */; };
		83535063151D7F0E00C7B574 /* Eb1.mp3 in Resources */ = {isa = PBXBuildFile; fileRef = 83535015151D7F0E00C7B574 /* Eb1.mp3 */; };
		83535064151D7F0E00C7B574 /* Eb2.mp3 in Resources */ = {isa = PBXBuildFile; fileRef = 83535016151D7F0E00C7B574 /* Eb2.mp3 */; };
		83535065151D7F0E00C7B574 /* Eb3.mp3 in Resources */ = {isa = PBXBuildFile; fileRef = 83535017151D7F0E00C7B574 /* Eb3.mp3 */; };
		83535066151D7F0E00C7B574 /* Eb4.mp3 in Resources */ = {isa = PBXBuildFile; fileRef = 83535018151D7F0E00C7B574 /* Eb4.mp3 */; };
		83535067151D7F0E00C7B574 /* Eb5.mp3 in Resources */ = {isa = PBXBuildFile; fileRef = 83535019151D7F0E00C7B574 /* Eb5.mp3 */; };
		83535068151D7F0E00C7B574 /* Eb6.mp3 in Resources */ = {isa = PBXBuildFile; fileRef = 8353501A151D7F0E00C7B574 /* Eb6.mp3 */; };
		83535069151D7F0E00C7B574 /* Eb7.mp3 in Resources */ = {isa = PBXBuildFile; fileRef = 8353501B151D7F0E00C7B574 /* Eb7.mp3 */; };
		8353506A151D7F0E00C7B574 /* F1.mp3 in Resources */ = {isa = PBXBuildFile; fileRef = 8353501C151D7F0E00C7B574 /* F1.mp3 */; };
		8353506B151D7F0E00C7B574 /* F2.mp3 in Resources */ = {isa = PBXBuildFile; fileRef = 8353501D151D7F0E00C7B574 /* F2.mp3 */; };
		8353506C151D7F0E00C7B574 /* F3.mp3 in Resources */ = {isa = PBXBuildFile; fileRef = 8353501E151D7F0E00C7B574 /* F3.mp3 */; };
		8353506D151D7F0E00C7B574 /* F4.mp3 in Resources */ = {isa = PBXBuildFile; fileRef = 8353501F151D7F0E00C7B574 /* F4.mp3 */; };
		8353506E151D7F0E00C7B574 /* F5.mp3 in Resources */ = {isa = PBXBuildFile; fileRef = 83535020151D7F0E00C7B574 /* F5.mp3 */; };
		8353506F151D7F0E00C7B574 /* F6.mp3 in Resources */ = {isa = PBXBuildFile; fileRef = 83535021151D7F0E00C7B574 /* F6.mp3 */; };
		83535070151D7F0E00C7B574 /* F7.mp3 in Resources */ = {isa = PBXBuildFile; fileRef = 83535022151D7F0E00C7B574 /* F7.mp3 */; };
		83535071151D7F0E00C7B574 /* G1.mp3 in Resources */ = {isa = PBXBuildFile; fileRef = 83535023151D7F0E00C7B574 /* G1.mp3 */; };
		83535072151D7F0E00C7B574 /* G2.mp3 in Resources */ = {isa = PBXBuildFile; fileRef = 83535024151D7F0E00C7B574 /* G2.mp3 */; };
		83535073151D7F0E00C7B574 /* G3.mp3 in Resources */ = {isa = PBXBuildFile; fileRef = 83535025151D7F0E00C7B574 /* G3.mp3 */; };
		83535074151D7F0E00C7B574 /* G4.mp3 in Resources */ = {isa = PBXBuildFile; fileRef = 83535026151D7F0E00C7B574 /* G4.mp3 */; };
		83535075151D7F0E00C7B574 /* G5.mp3 in Resources */ = {isa = PBXBuildFile; fileRef = 83535027151D7F0E00C7B574 /* G5.mp3 */; };
		83535076151D7F0E00C7B574 /* G6.mp3 in Resources */ = {isa = PBXBuildFile; fileRef = 83535028151D7F0E00C7B574 /* G6.mp3 */; };
		83535077151D7F0E00C7B574 /* G7.mp3 in Resources */ = {isa = PBXBuildFile; fileRef = 83535029151D7F0E00C7B574 /* G7.mp3 */; };
		83535078151D7F0E00C7B574 /* Gb1.mp3 in Resources */ = {isa = PBXBuildFile; fileRef = 8353502A151D7F0E00C7B574 /* Gb1.mp3 */; };
		83535079151D7F0E00C7B574 /* Gb2.mp3 in Resources */ = {isa = PBXBuildFile; fileRef = 8353502B151D7F0E00C7B574 /* Gb2.mp3 */; };
		8353507A151D7F0E00C7B574 /* Gb3.mp3 in Resources */ = {isa = PBXBuildFile; fileRef = 8353502C151D7F0E00C7B574 /* Gb3.mp3 */; };
		8353507B151D7F0E00C7B574 /* Gb4.mp3 in Resources */ = {isa = PBXBuildFile; fileRef = 8353502D151D7F0E00C7B574 /* Gb4.mp3 */; };
		8353507C151D7F0E00C7B574 /* Gb5.mp3 in Resources */ = {isa = PBXBuildFile; fileRef = 8353502E151D7F0E00C7B574 /* Gb5.mp3 */; };
		8353507D151D7F0E00C7B574 /* Gb6.mp3 in Resources */ = {isa = PBXBuildFile; fileRef = 8353502F151D7F0E00C7B574 /* Gb6.mp3 */; };
		8353507E151D7F0E00C7B574 /* Gb7.mp3 in Resources */ = {isa = PBXBuildFile; fileRef = 83535030151D7F0E00C7B574 /* Gb7.mp3 */; };
		83E3726D151D7069000DCF85 /* NotePath.m in Sources */ = {isa = PBXBuildFile; fileRef = 83E3726C151D7069000DCF85 /* NotePath.m */; };
		CE498606151E27E4005228F4 /* A1.mp3 in Resources */ = {isa = PBXBuildFile; fileRef = CE4985FE151E27E4005228F4 /* A1.mp3 */; };
		CE498607151E27E4005228F4 /* A2.mp3 in Resources */ = {isa = PBXBuildFile; fileRef = CE4985FF151E27E4005228F4 /* A2.mp3 */; };
		CE498608151E27E4005228F4 /* A3.mp3 in Resources */ = {isa = PBXBuildFile; fileRef = CE498600151E27E4005228F4 /* A3.mp3 */; };
		CE498609151E27E4005228F4 /* A4.mp3 in Resources */ = {isa = PBXBuildFile; fileRef = CE498601151E27E4005228F4 /* A4.mp3 */; };
		CE49860A151E27E4005228F4 /* A5.mp3 in Resources */ = {isa = PBXBuildFile; fileRef = CE498602151E27E4005228F4 /* A5.mp3 */; };
		CE49860B151E27E4005228F4 /* A6.mp3 in Resources */ = {isa = PBXBuildFile; fileRef = CE498603151E27E4005228F4 /* A6.mp3 */; };
		CE49860C151E27E4005228F4 /* A7.mp3 in Resources */ = {isa = PBXBuildFile; fileRef = CE498604151E27E4005228F4 /* A7.mp3 */; };
		CE49860D151E27E4005228F4 /* Ab1.mp3 in Resources */ = {isa = PBXBuildFile; fileRef = CE498605151E27E4005228F4 /* Ab1.mp3 */; };
		CE5C7C70151E7D3900B81396 /* noteTypes.m in Sources */ = {isa = PBXBuildFile; fileRef = CE5C7C6F151E7D3900B81396 /* noteTypes.m */; };
		E25113F01519230500BBE1F2 /* NotePlayer.m in Sources */ = {isa = PBXBuildFile; fileRef = E25113EF1519230500BBE1F2 /* NotePlayer.m */; };
		E25113F215192BE600BBE1F2 /* AVFoundation.framework in Frameworks */ = {isa = PBXBuildFile; fileRef = E25113F115192BE600BBE1F2 /* AVFoundation.framework */; };
		E2687D90151FA3A8005BB1F8 /* PathsView.m in Sources */ = {isa = PBXBuildFile; fileRef = E2687D8F151FA3A8005BB1F8 /* PathsView.m */; };
		E28150FD150C513500C8A036 /* Piano.m in Sources */ = {isa = PBXBuildFile; fileRef = E28150FC150C513500C8A036 /* Piano.m */; };
		E2E4AF59151ABE5300E033E4 /* GridCell.m in Sources */ = {isa = PBXBuildFile; fileRef = E2E4AF58151ABE5300E033E4 /* GridCell.m */; };
/* End PBXBuildFile section */

/* Begin PBXFileReference section */
		8319430B150BD226003EF364 /* GeometryTunes.app */ = {isa = PBXFileReference; explicitFileType = wrapper.application; includeInIndex = 0; path = GeometryTunes.app; sourceTree = BUILT_PRODUCTS_DIR; };
		8319430F150BD226003EF364 /* UIKit.framework */ = {isa = PBXFileReference; lastKnownFileType = wrapper.framework; name = UIKit.framework; path = System/Library/Frameworks/UIKit.framework; sourceTree = SDKROOT; };
		83194311150BD226003EF364 /* Foundation.framework */ = {isa = PBXFileReference; lastKnownFileType = wrapper.framework; name = Foundation.framework; path = System/Library/Frameworks/Foundation.framework; sourceTree = SDKROOT; };
		83194313150BD226003EF364 /* CoreGraphics.framework */ = {isa = PBXFileReference; lastKnownFileType = wrapper.framework; name = CoreGraphics.framework; path = System/Library/Frameworks/CoreGraphics.framework; sourceTree = SDKROOT; };
		83194317150BD226003EF364 /* GeometryTunes-Info.plist */ = {isa = PBXFileReference; lastKnownFileType = text.plist.xml; path = "GeometryTunes-Info.plist"; sourceTree = "<group>"; };
		83194319150BD226003EF364 /* en */ = {isa = PBXFileReference; lastKnownFileType = text.plist.strings; name = en; path = en.lproj/InfoPlist.strings; sourceTree = "<group>"; };
		8319431B150BD226003EF364 /* main.m */ = {isa = PBXFileReference; lastKnownFileType = sourcecode.c.objc; path = main.m; sourceTree = "<group>"; };
		8319431D150BD226003EF364 /* GeometryTunes-Prefix.pch */ = {isa = PBXFileReference; lastKnownFileType = sourcecode.c.h; path = "GeometryTunes-Prefix.pch"; sourceTree = "<group>"; };
		8319431E150BD226003EF364 /* AppDelegate.h */ = {isa = PBXFileReference; lastKnownFileType = sourcecode.c.h; path = AppDelegate.h; sourceTree = "<group>"; };
		8319431F150BD226003EF364 /* AppDelegate.m */ = {isa = PBXFileReference; lastKnownFileType = sourcecode.c.objc; path = AppDelegate.m; sourceTree = "<group>"; };
		83194321150BD226003EF364 /* ViewController.h */ = {isa = PBXFileReference; lastKnownFileType = sourcecode.c.h; path = ViewController.h; sourceTree = "<group>"; };
		83194322150BD226003EF364 /* ViewController.m */ = {isa = PBXFileReference; lastKnownFileType = sourcecode.c.objc; path = ViewController.m; sourceTree = "<group>"; };
		83194325150BD226003EF364 /* en */ = {isa = PBXFileReference; lastKnownFileType = file.xib; name = en; path = en.lproj/ViewController.xib; sourceTree = "<group>"; };
		8319432C150BD32B003EF364 /* GridView.h */ = {isa = PBXFileReference; fileEncoding = 4; lastKnownFileType = sourcecode.c.h; path = GridView.h; sourceTree = "<group>"; };
		8319432D150BD32B003EF364 /* GridView.m */ = {isa = PBXFileReference; fileEncoding = 4; lastKnownFileType = sourcecode.c.objc; path = GridView.m; sourceTree = "<group>"; };
		831FF08F150DB112001E9014 /* noteColor.h */ = {isa = PBXFileReference; fileEncoding = 4; lastKnownFileType = sourcecode.c.h; path = noteColor.h; sourceTree = "<group>"; };
		831FF090150DB112001E9014 /* noteColor.m */ = {isa = PBXFileReference; fileEncoding = 4; lastKnownFileType = sourcecode.c.objc; path = noteColor.m; sourceTree = "<group>"; };
		83534FE3151D7F0E00C7B574 /* Ab2.mp3 */ = {isa = PBXFileReference; lastKnownFileType = audio.mp3; path = Ab2.mp3; sourceTree = "<group>"; };
		83534FE4151D7F0E00C7B574 /* Ab3.mp3 */ = {isa = PBXFileReference; lastKnownFileType = audio.mp3; path = Ab3.mp3; sourceTree = "<group>"; };
		83534FE5151D7F0E00C7B574 /* Ab4.mp3 */ = {isa = PBXFileReference; lastKnownFileType = audio.mp3; path = Ab4.mp3; sourceTree = "<group>"; };
		83534FE6151D7F0E00C7B574 /* Ab5.mp3 */ = {isa = PBXFileReference; lastKnownFileType = audio.mp3; path = Ab5.mp3; sourceTree = "<group>"; };
		83534FE7151D7F0E00C7B574 /* Ab6.mp3 */ = {isa = PBXFileReference; lastKnownFileType = audio.mp3; path = Ab6.mp3; sourceTree = "<group>"; };
		83534FE8151D7F0E00C7B574 /* Ab7.mp3 */ = {isa = PBXFileReference; lastKnownFileType = audio.mp3; path = Ab7.mp3; sourceTree = "<group>"; };
		83534FE9151D7F0E00C7B574 /* B0.mp3 */ = {isa = PBXFileReference; lastKnownFileType = audio.mp3; path = B0.mp3; sourceTree = "<group>"; };
		83534FEA151D7F0E00C7B574 /* B1.mp3 */ = {isa = PBXFileReference; lastKnownFileType = audio.mp3; path = B1.mp3; sourceTree = "<group>"; };
		83534FEB151D7F0E00C7B574 /* B2.mp3 */ = {isa = PBXFileReference; lastKnownFileType = audio.mp3; path = B2.mp3; sourceTree = "<group>"; };
		83534FEC151D7F0E00C7B574 /* B3.mp3 */ = {isa = PBXFileReference; lastKnownFileType = audio.mp3; path = B3.mp3; sourceTree = "<group>"; };
		83534FED151D7F0E00C7B574 /* B4.mp3 */ = {isa = PBXFileReference; lastKnownFileType = audio.mp3; path = B4.mp3; sourceTree = "<group>"; };
		83534FEE151D7F0E00C7B574 /* B5.mp3 */ = {isa = PBXFileReference; lastKnownFileType = audio.mp3; path = B5.mp3; sourceTree = "<group>"; };
		83534FEF151D7F0E00C7B574 /* B6.mp3 */ = {isa = PBXFileReference; lastKnownFileType = audio.mp3; path = B6.mp3; sourceTree = "<group>"; };
		83534FF0151D7F0E00C7B574 /* B7.mp3 */ = {isa = PBXFileReference; lastKnownFileType = audio.mp3; path = B7.mp3; sourceTree = "<group>"; };
		83534FF1151D7F0E00C7B574 /* Bb1.mp3 */ = {isa = PBXFileReference; lastKnownFileType = audio.mp3; path = Bb1.mp3; sourceTree = "<group>"; };
		83534FF2151D7F0E00C7B574 /* Bb2.mp3 */ = {isa = PBXFileReference; lastKnownFileType = audio.mp3; path = Bb2.mp3; sourceTree = "<group>"; };
		83534FF3151D7F0E00C7B574 /* Bb3.mp3 */ = {isa = PBXFileReference; lastKnownFileType = audio.mp3; path = Bb3.mp3; sourceTree = "<group>"; };
		83534FF4151D7F0E00C7B574 /* Bb4.mp3 */ = {isa = PBXFileReference; lastKnownFileType = audio.mp3; path = Bb4.mp3; sourceTree = "<group>"; };
		83534FF5151D7F0E00C7B574 /* Bb5.mp3 */ = {isa = PBXFileReference; lastKnownFileType = audio.mp3; path = Bb5.mp3; sourceTree = "<group>"; };
		83534FF6151D7F0E00C7B574 /* Bb6.mp3 */ = {isa = PBXFileReference; lastKnownFileType = audio.mp3; path = Bb6.mp3; sourceTree = "<group>"; };
		83534FF7151D7F0E00C7B574 /* Bb7.mp3 */ = {isa = PBXFileReference; lastKnownFileType = audio.mp3; path = Bb7.mp3; sourceTree = "<group>"; };
		83534FF8151D7F0E00C7B574 /* C1.mp3 */ = {isa = PBXFileReference; lastKnownFileType = audio.mp3; path = C1.mp3; sourceTree = "<group>"; };
		83534FF9151D7F0E00C7B574 /* C2.mp3 */ = {isa = PBXFileReference; lastKnownFileType = audio.mp3; path = C2.mp3; sourceTree = "<group>"; };
		83534FFA151D7F0E00C7B574 /* C3.mp3 */ = {isa = PBXFileReference; lastKnownFileType = audio.mp3; path = C3.mp3; sourceTree = "<group>"; };
		83534FFB151D7F0E00C7B574 /* C4.mp3 */ = {isa = PBXFileReference; lastKnownFileType = audio.mp3; path = C4.mp3; sourceTree = "<group>"; };
		83534FFC151D7F0E00C7B574 /* C5.mp3 */ = {isa = PBXFileReference; lastKnownFileType = audio.mp3; path = C5.mp3; sourceTree = "<group>"; };
		83534FFD151D7F0E00C7B574 /* C6.mp3 */ = {isa = PBXFileReference; lastKnownFileType = audio.mp3; path = C6.mp3; sourceTree = "<group>"; };
		83534FFE151D7F0E00C7B574 /* C7.mp3 */ = {isa = PBXFileReference; lastKnownFileType = audio.mp3; path = C7.mp3; sourceTree = "<group>"; };
		83534FFF151D7F0E00C7B574 /* C8.mp3 */ = {isa = PBXFileReference; lastKnownFileType = audio.mp3; path = C8.mp3; sourceTree = "<group>"; };
		83535000151D7F0E00C7B574 /* D1.mp3 */ = {isa = PBXFileReference; lastKnownFileType = audio.mp3; path = D1.mp3; sourceTree = "<group>"; };
		83535001151D7F0E00C7B574 /* D2.mp3 */ = {isa = PBXFileReference; lastKnownFileType = audio.mp3; path = D2.mp3; sourceTree = "<group>"; };
		83535002151D7F0E00C7B574 /* D3.mp3 */ = {isa = PBXFileReference; lastKnownFileType = audio.mp3; path = D3.mp3; sourceTree = "<group>"; };
		83535003151D7F0E00C7B574 /* D4.mp3 */ = {isa = PBXFileReference; lastKnownFileType = audio.mp3; path = D4.mp3; sourceTree = "<group>"; };
		83535004151D7F0E00C7B574 /* D5.mp3 */ = {isa = PBXFileReference; lastKnownFileType = audio.mp3; path = D5.mp3; sourceTree = "<group>"; };
		83535005151D7F0E00C7B574 /* D6.mp3 */ = {isa = PBXFileReference; lastKnownFileType = audio.mp3; path = D6.mp3; sourceTree = "<group>"; };
		83535006151D7F0E00C7B574 /* D7.mp3 */ = {isa = PBXFileReference; lastKnownFileType = audio.mp3; path = D7.mp3; sourceTree = "<group>"; };
		83535007151D7F0E00C7B574 /* Db1.mp3 */ = {isa = PBXFileReference; lastKnownFileType = audio.mp3; path = Db1.mp3; sourceTree = "<group>"; };
		83535008151D7F0E00C7B574 /* Db2.mp3 */ = {isa = PBXFileReference; lastKnownFileType = audio.mp3; path = Db2.mp3; sourceTree = "<group>"; };
		83535009151D7F0E00C7B574 /* Db3.mp3 */ = {isa = PBXFileReference; lastKnownFileType = audio.mp3; path = Db3.mp3; sourceTree = "<group>"; };
		8353500A151D7F0E00C7B574 /* Db4.mp3 */ = {isa = PBXFileReference; lastKnownFileType = audio.mp3; path = Db4.mp3; sourceTree = "<group>"; };
		8353500B151D7F0E00C7B574 /* Db5.mp3 */ = {isa = PBXFileReference; lastKnownFileType = audio.mp3; path = Db5.mp3; sourceTree = "<group>"; };
		8353500C151D7F0E00C7B574 /* Db6.mp3 */ = {isa = PBXFileReference; lastKnownFileType = audio.mp3; path = Db6.mp3; sourceTree = "<group>"; };
		8353500D151D7F0E00C7B574 /* Db7.mp3 */ = {isa = PBXFileReference; lastKnownFileType = audio.mp3; path = Db7.mp3; sourceTree = "<group>"; };
		8353500E151D7F0E00C7B574 /* E1.mp3 */ = {isa = PBXFileReference; lastKnownFileType = audio.mp3; path = E1.mp3; sourceTree = "<group>"; };
		8353500F151D7F0E00C7B574 /* E2.mp3 */ = {isa = PBXFileReference; lastKnownFileType = audio.mp3; path = E2.mp3; sourceTree = "<group>"; };
		83535010151D7F0E00C7B574 /* E3.mp3 */ = {isa = PBXFileReference; lastKnownFileType = audio.mp3; path = E3.mp3; sourceTree = "<group>"; };
		83535011151D7F0E00C7B574 /* E4.mp3 */ = {isa = PBXFileReference; lastKnownFileType = audio.mp3; path = E4.mp3; sourceTree = "<group>"; };
		83535012151D7F0E00C7B574 /* E5.mp3 */ = {isa = PBXFileReference; lastKnownFileType = audio.mp3; path = E5.mp3; sourceTree = "<group>"; };
		83535013151D7F0E00C7B574 /* E6.mp3 */ = {isa = PBXFileReference; lastKnownFileType = audio.mp3; path = E6.mp3; sourceTree = "<group>"; };
		83535014151D7F0E00C7B574 /* E7.mp3 */ = {isa = PBXFileReference; lastKnownFileType = audio.mp3; path = E7.mp3; sourceTree = "<group>"; };
		83535015151D7F0E00C7B574 /* Eb1.mp3 */ = {isa = PBXFileReference; lastKnownFileType = audio.mp3; path = Eb1.mp3; sourceTree = "<group>"; };
		83535016151D7F0E00C7B574 /* Eb2.mp3 */ = {isa = PBXFileReference; lastKnownFileType = audio.mp3; path = Eb2.mp3; sourceTree = "<group>"; };
		83535017151D7F0E00C7B574 /* Eb3.mp3 */ = {isa = PBXFileReference; lastKnownFileType = audio.mp3; path = Eb3.mp3; sourceTree = "<group>"; };
		83535018151D7F0E00C7B574 /* Eb4.mp3 */ = {isa = PBXFileReference; lastKnownFileType = audio.mp3; path = Eb4.mp3; sourceTree = "<group>"; };
		83535019151D7F0E00C7B574 /* Eb5.mp3 */ = {isa = PBXFileReference; lastKnownFileType = audio.mp3; path = Eb5.mp3; sourceTree = "<group>"; };
		8353501A151D7F0E00C7B574 /* Eb6.mp3 */ = {isa = PBXFileReference; lastKnownFileType = audio.mp3; path = Eb6.mp3; sourceTree = "<group>"; };
		8353501B151D7F0E00C7B574 /* Eb7.mp3 */ = {isa = PBXFileReference; lastKnownFileType = audio.mp3; path = Eb7.mp3; sourceTree = "<group>"; };
		8353501C151D7F0E00C7B574 /* F1.mp3 */ = {isa = PBXFileReference; lastKnownFileType = audio.mp3; path = F1.mp3; sourceTree = "<group>"; };
		8353501D151D7F0E00C7B574 /* F2.mp3 */ = {isa = PBXFileReference; lastKnownFileType = audio.mp3; path = F2.mp3; sourceTree = "<group>"; };
		8353501E151D7F0E00C7B574 /* F3.mp3 */ = {isa = PBXFileReference; lastKnownFileType = audio.mp3; path = F3.mp3; sourceTree = "<group>"; };
		8353501F151D7F0E00C7B574 /* F4.mp3 */ = {isa = PBXFileReference; lastKnownFileType = audio.mp3; path = F4.mp3; sourceTree = "<group>"; };
		83535020151D7F0E00C7B574 /* F5.mp3 */ = {isa = PBXFileReference; lastKnownFileType = audio.mp3; path = F5.mp3; sourceTree = "<group>"; };
		83535021151D7F0E00C7B574 /* F6.mp3 */ = {isa = PBXFileReference; lastKnownFileType = audio.mp3; path = F6.mp3; sourceTree = "<group>"; };
		83535022151D7F0E00C7B574 /* F7.mp3 */ = {isa = PBXFileReference; lastKnownFileType = audio.mp3; path = F7.mp3; sourceTree = "<group>"; };
		83535023151D7F0E00C7B574 /* G1.mp3 */ = {isa = PBXFileReference; lastKnownFileType = audio.mp3; path = G1.mp3; sourceTree = "<group>"; };
		83535024151D7F0E00C7B574 /* G2.mp3 */ = {isa = PBXFileReference; lastKnownFileType = audio.mp3; path = G2.mp3; sourceTree = "<group>"; };
		83535025151D7F0E00C7B574 /* G3.mp3 */ = {isa = PBXFileReference; lastKnownFileType = audio.mp3; path = G3.mp3; sourceTree = "<group>"; };
		83535026151D7F0E00C7B574 /* G4.mp3 */ = {isa = PBXFileReference; lastKnownFileType = audio.mp3; path = G4.mp3; sourceTree = "<group>"; };
		83535027151D7F0E00C7B574 /* G5.mp3 */ = {isa = PBXFileReference; lastKnownFileType = audio.mp3; path = G5.mp3; sourceTree = "<group>"; };
		83535028151D7F0E00C7B574 /* G6.mp3 */ = {isa = PBXFileReference; lastKnownFileType = audio.mp3; path = G6.mp3; sourceTree = "<group>"; };
		83535029151D7F0E00C7B574 /* G7.mp3 */ = {isa = PBXFileReference; lastKnownFileType = audio.mp3; path = G7.mp3; sourceTree = "<group>"; };
		8353502A151D7F0E00C7B574 /* Gb1.mp3 */ = {isa = PBXFileReference; lastKnownFileType = audio.mp3; path = Gb1.mp3; sourceTree = "<group>"; };
		8353502B151D7F0E00C7B574 /* Gb2.mp3 */ = {isa = PBXFileReference; lastKnownFileType = audio.mp3; path = Gb2.mp3; sourceTree = "<group>"; };
		8353502C151D7F0E00C7B574 /* Gb3.mp3 */ = {isa = PBXFileReference; lastKnownFileType = audio.mp3; path = Gb3.mp3; sourceTree = "<group>"; };
		8353502D151D7F0E00C7B574 /* Gb4.mp3 */ = {isa = PBXFileReference; lastKnownFileType = audio.mp3; path = Gb4.mp3; sourceTree = "<group>"; };
		8353502E151D7F0E00C7B574 /* Gb5.mp3 */ = {isa = PBXFileReference; lastKnownFileType = audio.mp3; path = Gb5.mp3; sourceTree = "<group>"; };
		8353502F151D7F0E00C7B574 /* Gb6.mp3 */ = {isa = PBXFileReference; lastKnownFileType = audio.mp3; path = Gb6.mp3; sourceTree = "<group>"; };
		83535030151D7F0E00C7B574 /* Gb7.mp3 */ = {isa = PBXFileReference; lastKnownFileType = audio.mp3; path = Gb7.mp3; sourceTree = "<group>"; };
		83E3726B151D7069000DCF85 /* NotePath.h */ = {isa = PBXFileReference; fileEncoding = 4; lastKnownFileType = sourcecode.c.h; path = NotePath.h; sourceTree = "<group>"; };
		83E3726C151D7069000DCF85 /* NotePath.m */ = {isa = PBXFileReference; fileEncoding = 4; lastKnownFileType = sourcecode.c.objc; path = NotePath.m; sourceTree = "<group>"; };
		CE4985FE151E27E4005228F4 /* A1.mp3 */ = {isa = PBXFileReference; lastKnownFileType = audio.mp3; path = A1.mp3; sourceTree = "<group>"; };
		CE4985FF151E27E4005228F4 /* A2.mp3 */ = {isa = PBXFileReference; lastKnownFileType = audio.mp3; path = A2.mp3; sourceTree = "<group>"; };
		CE498600151E27E4005228F4 /* A3.mp3 */ = {isa = PBXFileReference; lastKnownFileType = audio.mp3; path = A3.mp3; sourceTree = "<group>"; };
		CE498601151E27E4005228F4 /* A4.mp3 */ = {isa = PBXFileReference; lastKnownFileType = audio.mp3; path = A4.mp3; sourceTree = "<group>"; };
		CE498602151E27E4005228F4 /* A5.mp3 */ = {isa = PBXFileReference; lastKnownFileType = audio.mp3; path = A5.mp3; sourceTree = "<group>"; };
		CE498603151E27E4005228F4 /* A6.mp3 */ = {isa = PBXFileReference; lastKnownFileType = audio.mp3; path = A6.mp3; sourceTree = "<group>"; };
		CE498604151E27E4005228F4 /* A7.mp3 */ = {isa = PBXFileReference; lastKnownFileType = audio.mp3; path = A7.mp3; sourceTree = "<group>"; };
		CE498605151E27E4005228F4 /* Ab1.mp3 */ = {isa = PBXFileReference; lastKnownFileType = audio.mp3; path = Ab1.mp3; sourceTree = "<group>"; };
		CE5C7C6E151E7D3900B81396 /* noteTypes.h */ = {isa = PBXFileReference; fileEncoding = 4; lastKnownFileType = sourcecode.c.h; path = noteTypes.h; sourceTree = "<group>"; };
		CE5C7C6F151E7D3900B81396 /* noteTypes.m */ = {isa = PBXFileReference; fileEncoding = 4; lastKnownFileType = sourcecode.c.objc; path = noteTypes.m; sourceTree = "<group>"; };
		E25113EE1519230500BBE1F2 /* NotePlayer.h */ = {isa = PBXFileReference; fileEncoding = 4; lastKnownFileType = sourcecode.c.h; path = NotePlayer.h; sourceTree = "<group>"; };
		E25113EF1519230500BBE1F2 /* NotePlayer.m */ = {isa = PBXFileReference; fileEncoding = 4; lastKnownFileType = sourcecode.c.objc; path = NotePlayer.m; sourceTree = "<group>"; };
		E25113F115192BE600BBE1F2 /* AVFoundation.framework */ = {isa = PBXFileReference; lastKnownFileType = wrapper.framework; name = AVFoundation.framework; path = System/Library/Frameworks/AVFoundation.framework; sourceTree = SDKROOT; };
		E2687D8E151FA3A8005BB1F8 /* PathsView.h */ = {isa = PBXFileReference; fileEncoding = 4; lastKnownFileType = sourcecode.c.h; path = PathsView.h; sourceTree = "<group>"; };
		E2687D8F151FA3A8005BB1F8 /* PathsView.m */ = {isa = PBXFileReference; fileEncoding = 4; lastKnownFileType = sourcecode.c.objc; path = PathsView.m; sourceTree = "<group>"; };
		E28150FB150C513500C8A036 /* Piano.h */ = {isa = PBXFileReference; fileEncoding = 4; lastKnownFileType = sourcecode.c.h; name = Piano.h; path = GeometryTunes/Piano.h; sourceTree = "<group>"; };
		E28150FC150C513500C8A036 /* Piano.m */ = {isa = PBXFileReference; fileEncoding = 4; lastKnownFileType = sourcecode.c.objc; name = Piano.m; path = GeometryTunes/Piano.m; sourceTree = "<group>"; };
		E2E4AF57151ABE5300E033E4 /* GridCell.h */ = {isa = PBXFileReference; fileEncoding = 4; lastKnownFileType = sourcecode.c.h; path = GridCell.h; sourceTree = "<group>"; };
		E2E4AF58151ABE5300E033E4 /* GridCell.m */ = {isa = PBXFileReference; fileEncoding = 4; lastKnownFileType = sourcecode.c.objc; path = GridCell.m; sourceTree = "<group>"; };
		E2EBF93B151FAA4D00D34B53 /* CoreFoundation.framework */ = {isa = PBXFileReference; lastKnownFileType = wrapper.framework; name = CoreFoundation.framework; path = System/Library/Frameworks/CoreFoundation.framework; sourceTree = SDKROOT; };
/* End PBXFileReference section */

/* Begin PBXFrameworksBuildPhase section */
		83194308150BD226003EF364 /* Frameworks */ = {
			isa = PBXFrameworksBuildPhase;
			buildActionMask = 2147483647;
			files = (
				E25113F215192BE600BBE1F2 /* AVFoundation.framework in Frameworks */,
				83194310150BD226003EF364 /* UIKit.framework in Frameworks */,
				83194312150BD226003EF364 /* Foundation.framework in Frameworks */,
				83194314150BD226003EF364 /* CoreGraphics.framework in Frameworks */,
			);
			runOnlyForDeploymentPostprocessing = 0;
		};
/* End PBXFrameworksBuildPhase section */

/* Begin PBXGroup section */
		83194300150BD226003EF364 = {
			isa = PBXGroup;
			children = (
				E2EBF93B151FAA4D00D34B53 /* CoreFoundation.framework */,
				E25113F115192BE600BBE1F2 /* AVFoundation.framework */,
				8319430E150BD226003EF364 /* Frameworks */,
				83194315150BD226003EF364 /* GeometryTunes */,
				E2E4AF57151ABE5300E033E4 /* GridCell.h */,
				E2E4AF58151ABE5300E033E4 /* GridCell.m */,
				8319432C150BD32B003EF364 /* GridView.h */,
				8319432D150BD32B003EF364 /* GridView.m */,
				E2687D8E151FA3A8005BB1F8 /* PathsView.h */,
				E2687D8F151FA3A8005BB1F8 /* PathsView.m */,
				831FF08F150DB112001E9014 /* noteColor.h */,
				831FF090150DB112001E9014 /* noteColor.m */,
				83E3726B151D7069000DCF85 /* NotePath.h */,
				83E3726C151D7069000DCF85 /* NotePath.m */,
				E25113EE1519230500BBE1F2 /* NotePlayer.h */,
				E25113EF1519230500BBE1F2 /* NotePlayer.m */,
				CE5C7C6E151E7D3900B81396 /* noteTypes.h */,
				CE5C7C6F151E7D3900B81396 /* noteTypes.m */,
				E28150FB150C513500C8A036 /* Piano.h */,
				E28150FC150C513500C8A036 /* Piano.m */,
				83534FE2151D7F0E00C7B574 /* pianoSounds */,
				8319430C150BD226003EF364 /* Products */,
			);
			sourceTree = "<group>";
		};
		8319430C150BD226003EF364 /* Products */ = {
			isa = PBXGroup;
			children = (
				8319430B150BD226003EF364 /* GeometryTunes.app */,
			);
			name = Products;
			sourceTree = "<group>";
		};
		8319430E150BD226003EF364 /* Frameworks */ = {
			isa = PBXGroup;
			children = (
				8319430F150BD226003EF364 /* UIKit.framework */,
				83194311150BD226003EF364 /* Foundation.framework */,
				83194313150BD226003EF364 /* CoreGraphics.framework */,
			);
			name = Frameworks;
			sourceTree = "<group>";
		};
		83194315150BD226003EF364 /* GeometryTunes */ = {
			isa = PBXGroup;
			children = (
				8319431E150BD226003EF364 /* AppDelegate.h */,
				8319431F150BD226003EF364 /* AppDelegate.m */,
				83194321150BD226003EF364 /* ViewController.h */,
				83194322150BD226003EF364 /* ViewController.m */,
				83194324150BD226003EF364 /* ViewController.xib */,
				83194316150BD226003EF364 /* Supporting Files */,
			);
			path = GeometryTunes;
			sourceTree = "<group>";
		};
		83194316150BD226003EF364 /* Supporting Files */ = {
			isa = PBXGroup;
			children = (
				83194317150BD226003EF364 /* GeometryTunes-Info.plist */,
				83194318150BD226003EF364 /* InfoPlist.strings */,
				8319431B150BD226003EF364 /* main.m */,
				8319431D150BD226003EF364 /* GeometryTunes-Prefix.pch */,
			);
			name = "Supporting Files";
			sourceTree = "<group>";
		};
		83534FE2151D7F0E00C7B574 /* pianoSounds */ = {
			isa = PBXGroup;
			children = (
				CE4985FE151E27E4005228F4 /* A1.mp3 */,
				CE4985FF151E27E4005228F4 /* A2.mp3 */,
				CE498600151E27E4005228F4 /* A3.mp3 */,
				CE498601151E27E4005228F4 /* A4.mp3 */,
				CE498602151E27E4005228F4 /* A5.mp3 */,
				CE498603151E27E4005228F4 /* A6.mp3 */,
				CE498604151E27E4005228F4 /* A7.mp3 */,
				CE498605151E27E4005228F4 /* Ab1.mp3 */,
				83534FE3151D7F0E00C7B574 /* Ab2.mp3 */,
				83534FE4151D7F0E00C7B574 /* Ab3.mp3 */,
				83534FE5151D7F0E00C7B574 /* Ab4.mp3 */,
				83534FE6151D7F0E00C7B574 /* Ab5.mp3 */,
				83534FE7151D7F0E00C7B574 /* Ab6.mp3 */,
				83534FE8151D7F0E00C7B574 /* Ab7.mp3 */,
				83534FE9151D7F0E00C7B574 /* B0.mp3 */,
				83534FEA151D7F0E00C7B574 /* B1.mp3 */,
				83534FEB151D7F0E00C7B574 /* B2.mp3 */,
				83534FEC151D7F0E00C7B574 /* B3.mp3 */,
				83534FED151D7F0E00C7B574 /* B4.mp3 */,
				83534FEE151D7F0E00C7B574 /* B5.mp3 */,
				83534FEF151D7F0E00C7B574 /* B6.mp3 */,
				83534FF0151D7F0E00C7B574 /* B7.mp3 */,
				83534FF1151D7F0E00C7B574 /* Bb1.mp3 */,
				83534FF2151D7F0E00C7B574 /* Bb2.mp3 */,
				83534FF3151D7F0E00C7B574 /* Bb3.mp3 */,
				83534FF4151D7F0E00C7B574 /* Bb4.mp3 */,
				83534FF5151D7F0E00C7B574 /* Bb5.mp3 */,
				83534FF6151D7F0E00C7B574 /* Bb6.mp3 */,
				83534FF7151D7F0E00C7B574 /* Bb7.mp3 */,
				83534FF8151D7F0E00C7B574 /* C1.mp3 */,
				83534FF9151D7F0E00C7B574 /* C2.mp3 */,
				83534FFA151D7F0E00C7B574 /* C3.mp3 */,
				83534FFB151D7F0E00C7B574 /* C4.mp3 */,
				83534FFC151D7F0E00C7B574 /* C5.mp3 */,
				83534FFD151D7F0E00C7B574 /* C6.mp3 */,
				83534FFE151D7F0E00C7B574 /* C7.mp3 */,
				83534FFF151D7F0E00C7B574 /* C8.mp3 */,
				83535000151D7F0E00C7B574 /* D1.mp3 */,
				83535001151D7F0E00C7B574 /* D2.mp3 */,
				83535002151D7F0E00C7B574 /* D3.mp3 */,
				83535003151D7F0E00C7B574 /* D4.mp3 */,
				83535004151D7F0E00C7B574 /* D5.mp3 */,
				83535005151D7F0E00C7B574 /* D6.mp3 */,
				83535006151D7F0E00C7B574 /* D7.mp3 */,
				83535007151D7F0E00C7B574 /* Db1.mp3 */,
				83535008151D7F0E00C7B574 /* Db2.mp3 */,
				83535009151D7F0E00C7B574 /* Db3.mp3 */,
				8353500A151D7F0E00C7B574 /* Db4.mp3 */,
				8353500B151D7F0E00C7B574 /* Db5.mp3 */,
				8353500C151D7F0E00C7B574 /* Db6.mp3 */,
				8353500D151D7F0E00C7B574 /* Db7.mp3 */,
				8353500E151D7F0E00C7B574 /* E1.mp3 */,
				8353500F151D7F0E00C7B574 /* E2.mp3 */,
				83535010151D7F0E00C7B574 /* E3.mp3 */,
				83535011151D7F0E00C7B574 /* E4.mp3 */,
				83535012151D7F0E00C7B574 /* E5.mp3 */,
				83535013151D7F0E00C7B574 /* E6.mp3 */,
				83535014151D7F0E00C7B574 /* E7.mp3 */,
				83535015151D7F0E00C7B574 /* Eb1.mp3 */,
				83535016151D7F0E00C7B574 /* Eb2.mp3 */,
				83535017151D7F0E00C7B574 /* Eb3.mp3 */,
				83535018151D7F0E00C7B574 /* Eb4.mp3 */,
				83535019151D7F0E00C7B574 /* Eb5.mp3 */,
				8353501A151D7F0E00C7B574 /* Eb6.mp3 */,
				8353501B151D7F0E00C7B574 /* Eb7.mp3 */,
				8353501C151D7F0E00C7B574 /* F1.mp3 */,
				8353501D151D7F0E00C7B574 /* F2.mp3 */,
				8353501E151D7F0E00C7B574 /* F3.mp3 */,
				8353501F151D7F0E00C7B574 /* F4.mp3 */,
				83535020151D7F0E00C7B574 /* F5.mp3 */,
				83535021151D7F0E00C7B574 /* F6.mp3 */,
				83535022151D7F0E00C7B574 /* F7.mp3 */,
				83535023151D7F0E00C7B574 /* G1.mp3 */,
				83535024151D7F0E00C7B574 /* G2.mp3 */,
				83535025151D7F0E00C7B574 /* G3.mp3 */,
				83535026151D7F0E00C7B574 /* G4.mp3 */,
				83535027151D7F0E00C7B574 /* G5.mp3 */,
				83535028151D7F0E00C7B574 /* G6.mp3 */,
				83535029151D7F0E00C7B574 /* G7.mp3 */,
				8353502A151D7F0E00C7B574 /* Gb1.mp3 */,
				8353502B151D7F0E00C7B574 /* Gb2.mp3 */,
				8353502C151D7F0E00C7B574 /* Gb3.mp3 */,
				8353502D151D7F0E00C7B574 /* Gb4.mp3 */,
				8353502E151D7F0E00C7B574 /* Gb5.mp3 */,
				8353502F151D7F0E00C7B574 /* Gb6.mp3 */,
				83535030151D7F0E00C7B574 /* Gb7.mp3 */,
			);
			path = pianoSounds;
			sourceTree = "<group>";
		};
/* End PBXGroup section */

/* Begin PBXNativeTarget section */
		8319430A150BD226003EF364 /* GeometryTunes */ = {
			isa = PBXNativeTarget;
			buildConfigurationList = 83194329150BD226003EF364 /* Build configuration list for PBXNativeTarget "GeometryTunes" */;
			buildPhases = (
				83194307150BD226003EF364 /* Sources */,
				83194308150BD226003EF364 /* Frameworks */,
				83194309150BD226003EF364 /* Resources */,
			);
			buildRules = (
			);
			dependencies = (
			);
			name = GeometryTunes;
			productName = GeometryTunes;
			productReference = 8319430B150BD226003EF364 /* GeometryTunes.app */;
			productType = "com.apple.product-type.application";
		};
/* End PBXNativeTarget section */

/* Begin PBXProject section */
		83194302150BD226003EF364 /* Project object */ = {
			isa = PBXProject;
			attributes = {
				LastUpgradeCheck = 0430;
				ORGANIZATIONNAME = "Tufts University";
			};
			buildConfigurationList = 83194305150BD226003EF364 /* Build configuration list for PBXProject "GeometryTunes" */;
			compatibilityVersion = "Xcode 3.2";
			developmentRegion = English;
			hasScannedForEncodings = 0;
			knownRegions = (
				en,
			);
			mainGroup = 83194300150BD226003EF364;
			productRefGroup = 8319430C150BD226003EF364 /* Products */;
			projectDirPath = "";
			projectRoot = "";
			targets = (
				8319430A150BD226003EF364 /* GeometryTunes */,
			);
		};
/* End PBXProject section */

/* Begin PBXResourcesBuildPhase section */
		83194309150BD226003EF364 /* Resources */ = {
			isa = PBXResourcesBuildPhase;
			buildActionMask = 2147483647;
			files = (
				8319431A150BD226003EF364 /* InfoPlist.strings in Resources */,
				83194326150BD226003EF364 /* ViewController.xib in Resources */,
				83535031151D7F0E00C7B574 /* Ab2.mp3 in Resources */,
				83535032151D7F0E00C7B574 /* Ab3.mp3 in Resources */,
				83535033151D7F0E00C7B574 /* Ab4.mp3 in Resources */,
				83535034151D7F0E00C7B574 /* Ab5.mp3 in Resources */,
				83535035151D7F0E00C7B574 /* Ab6.mp3 in Resources */,
				83535036151D7F0E00C7B574 /* Ab7.mp3 in Resources */,
				83535037151D7F0E00C7B574 /* B0.mp3 in Resources */,
				83535038151D7F0E00C7B574 /* B1.mp3 in Resources */,
				83535039151D7F0E00C7B574 /* B2.mp3 in Resources */,
				8353503A151D7F0E00C7B574 /* B3.mp3 in Resources */,
				8353503B151D7F0E00C7B574 /* B4.mp3 in Resources */,
				8353503C151D7F0E00C7B574 /* B5.mp3 in Resources */,
				8353503D151D7F0E00C7B574 /* B6.mp3 in Resources */,
				8353503E151D7F0E00C7B574 /* B7.mp3 in Resources */,
				8353503F151D7F0E00C7B574 /* Bb1.mp3 in Resources */,
				83535040151D7F0E00C7B574 /* Bb2.mp3 in Resources */,
				83535041151D7F0E00C7B574 /* Bb3.mp3 in Resources */,
				83535042151D7F0E00C7B574 /* Bb4.mp3 in Resources */,
				83535043151D7F0E00C7B574 /* Bb5.mp3 in Resources */,
				83535044151D7F0E00C7B574 /* Bb6.mp3 in Resources */,
				83535045151D7F0E00C7B574 /* Bb7.mp3 in Resources */,
				83535046151D7F0E00C7B574 /* C1.mp3 in Resources */,
				83535047151D7F0E00C7B574 /* C2.mp3 in Resources */,
				83535048151D7F0E00C7B574 /* C3.mp3 in Resources */,
				83535049151D7F0E00C7B574 /* C4.mp3 in Resources */,
				8353504A151D7F0E00C7B574 /* C5.mp3 in Resources */,
				8353504B151D7F0E00C7B574 /* C6.mp3 in Resources */,
				8353504C151D7F0E00C7B574 /* C7.mp3 in Resources */,
				8353504D151D7F0E00C7B574 /* C8.mp3 in Resources */,
				8353504E151D7F0E00C7B574 /* D1.mp3 in Resources */,
				8353504F151D7F0E00C7B574 /* D2.mp3 in Resources */,
				83535050151D7F0E00C7B574 /* D3.mp3 in Resources */,
				83535051151D7F0E00C7B574 /* D4.mp3 in Resources */,
				83535052151D7F0E00C7B574 /* D5.mp3 in Resources */,
				83535053151D7F0E00C7B574 /* D6.mp3 in Resources */,
				83535054151D7F0E00C7B574 /* D7.mp3 in Resources */,
				83535055151D7F0E00C7B574 /* Db1.mp3 in Resources */,
				83535056151D7F0E00C7B574 /* Db2.mp3 in Resources */,
				83535057151D7F0E00C7B574 /* Db3.mp3 in Resources */,
				83535058151D7F0E00C7B574 /* Db4.mp3 in Resources */,
				83535059151D7F0E00C7B574 /* Db5.mp3 in Resources */,
				8353505A151D7F0E00C7B574 /* Db6.mp3 in Resources */,
				8353505B151D7F0E00C7B574 /* Db7.mp3 in Resources */,
				8353505C151D7F0E00C7B574 /* E1.mp3 in Resources */,
				8353505D151D7F0E00C7B574 /* E2.mp3 in Resources */,
				8353505E151D7F0E00C7B574 /* E3.mp3 in Resources */,
				8353505F151D7F0E00C7B574 /* E4.mp3 in Resources */,
				83535060151D7F0E00C7B574 /* E5.mp3 in Resources */,
				83535061151D7F0E00C7B574 /* E6.mp3 in Resources */,
				83535062151D7F0E00C7B574 /* E7.mp3 in Resources */,
				83535063151D7F0E00C7B574 /* Eb1.mp3 in Resources */,
				83535064151D7F0E00C7B574 /* Eb2.mp3 in Resources */,
				83535065151D7F0E00C7B574 /* Eb3.mp3 in Resources */,
				83535066151D7F0E00C7B574 /* Eb4.mp3 in Resources */,
				83535067151D7F0E00C7B574 /* Eb5.mp3 in Resources */,
				83535068151D7F0E00C7B574 /* Eb6.mp3 in Resources */,
				83535069151D7F0E00C7B574 /* Eb7.mp3 in Resources */,
				8353506A151D7F0E00C7B574 /* F1.mp3 in Resources */,
				8353506B151D7F0E00C7B574 /* F2.mp3 in Resources */,
				8353506C151D7F0E00C7B574 /* F3.mp3 in Resources */,
				8353506D151D7F0E00C7B574 /* F4.mp3 in Resources */,
				8353506E151D7F0E00C7B574 /* F5.mp3 in Resources */,
				8353506F151D7F0E00C7B574 /* F6.mp3 in Resources */,
				83535070151D7F0E00C7B574 /* F7.mp3 in Resources */,
				83535071151D7F0E00C7B574 /* G1.mp3 in Resources */,
				83535072151D7F0E00C7B574 /* G2.mp3 in Resources */,
				83535073151D7F0E00C7B574 /* G3.mp3 in Resources */,
				83535074151D7F0E00C7B574 /* G4.mp3 in Resources */,
				83535075151D7F0E00C7B574 /* G5.mp3 in Resources */,
				83535076151D7F0E00C7B574 /* G6.mp3 in Resources */,
				83535077151D7F0E00C7B574 /* G7.mp3 in Resources */,
				83535078151D7F0E00C7B574 /* Gb1.mp3 in Resources */,
				83535079151D7F0E00C7B574 /* Gb2.mp3 in Resources */,
				8353507A151D7F0E00C7B574 /* Gb3.mp3 in Resources */,
				8353507B151D7F0E00C7B574 /* Gb4.mp3 in Resources */,
				8353507C151D7F0E00C7B574 /* Gb5.mp3 in Resources */,
				8353507D151D7F0E00C7B574 /* Gb6.mp3 in Resources */,
				8353507E151D7F0E00C7B574 /* Gb7.mp3 in Resources */,
				CE498606151E27E4005228F4 /* A1.mp3 in Resources */,
				CE498607151E27E4005228F4 /* A2.mp3 in Resources */,
				CE498608151E27E4005228F4 /* A3.mp3 in Resources */,
				CE498609151E27E4005228F4 /* A4.mp3 in Resources */,
				CE49860A151E27E4005228F4 /* A5.mp3 in Resources */,
				CE49860B151E27E4005228F4 /* A6.mp3 in Resources */,
				CE49860C151E27E4005228F4 /* A7.mp3 in Resources */,
				CE49860D151E27E4005228F4 /* Ab1.mp3 in Resources */,
			);
			runOnlyForDeploymentPostprocessing = 0;
		};
/* End PBXResourcesBuildPhase section */

/* Begin PBXSourcesBuildPhase section */
		83194307150BD226003EF364 /* Sources */ = {
			isa = PBXSourcesBuildPhase;
			buildActionMask = 2147483647;
			files = (
				8319431C150BD226003EF364 /* main.m in Sources */,
				83194320150BD226003EF364 /* AppDelegate.m in Sources */,
				83194323150BD226003EF364 /* ViewController.m in Sources */,
				8319432E150BD32B003EF364 /* GridView.m in Sources */,
				E28150FD150C513500C8A036 /* Piano.m in Sources */,
				831FF091150DB113001E9014 /* noteColor.m in Sources */,
				E25113F01519230500BBE1F2 /* NotePlayer.m in Sources */,
				E2E4AF59151ABE5300E033E4 /* GridCell.m in Sources */,
				83E3726D151D7069000DCF85 /* NotePath.m in Sources */,
				CE5C7C70151E7D3900B81396 /* noteTypes.m in Sources */,
				E2687D90151FA3A8005BB1F8 /* PathsView.m in Sources */,
			);
			runOnlyForDeploymentPostprocessing = 0;
		};
/* End PBXSourcesBuildPhase section */

/* Begin PBXVariantGroup section */
		83194318150BD226003EF364 /* InfoPlist.strings */ = {
			isa = PBXVariantGroup;
			children = (
				83194319150BD226003EF364 /* en */,
			);
			name = InfoPlist.strings;
			sourceTree = "<group>";
		};
		83194324150BD226003EF364 /* ViewController.xib */ = {
			isa = PBXVariantGroup;
			children = (
				83194325150BD226003EF364 /* en */,
			);
			name = ViewController.xib;
			sourceTree = "<group>";
		};
/* End PBXVariantGroup section */

/* Begin XCBuildConfiguration section */
		83194327150BD226003EF364 /* Debug */ = {
			isa = XCBuildConfiguration;
			buildSettings = {
				ALWAYS_SEARCH_USER_PATHS = NO;
				ARCHS = "$(ARCHS_STANDARD_32_BIT)";
				CLANG_ENABLE_OBJC_ARC = YES;
				"CODE_SIGN_IDENTITY[sdk=iphoneos*]" = "iPhone Developer";
				COPY_PHASE_STRIP = NO;
				GCC_C_LANGUAGE_STANDARD = gnu99;
				GCC_DYNAMIC_NO_PIC = NO;
				GCC_OPTIMIZATION_LEVEL = 0;
				GCC_PREPROCESSOR_DEFINITIONS = (
					"DEBUG=1",
					"$(inherited)",
				);
				GCC_SYMBOLS_PRIVATE_EXTERN = NO;
				GCC_VERSION = com.apple.compilers.llvm.clang.1_0;
				GCC_WARN_ABOUT_MISSING_PROTOTYPES = YES;
				GCC_WARN_ABOUT_RETURN_TYPE = YES;
				GCC_WARN_UNUSED_VARIABLE = YES;
				IPHONEOS_DEPLOYMENT_TARGET = 5.0;
				SDKROOT = iphoneos;
				TARGETED_DEVICE_FAMILY = 2;
			};
			name = Debug;
		};
		83194328150BD226003EF364 /* Release */ = {
			isa = XCBuildConfiguration;
			buildSettings = {
				ALWAYS_SEARCH_USER_PATHS = NO;
				ARCHS = "$(ARCHS_STANDARD_32_BIT)";
				CLANG_ENABLE_OBJC_ARC = YES;
				"CODE_SIGN_IDENTITY[sdk=iphoneos*]" = "iPhone Developer";
				COPY_PHASE_STRIP = YES;
				GCC_C_LANGUAGE_STANDARD = gnu99;
				GCC_VERSION = com.apple.compilers.llvm.clang.1_0;
				GCC_WARN_ABOUT_MISSING_PROTOTYPES = YES;
				GCC_WARN_ABOUT_RETURN_TYPE = YES;
				GCC_WARN_UNUSED_VARIABLE = YES;
				IPHONEOS_DEPLOYMENT_TARGET = 5.0;
				OTHER_CFLAGS = "-DNS_BLOCK_ASSERTIONS=1";
				SDKROOT = iphoneos;
				TARGETED_DEVICE_FAMILY = 2;
				VALIDATE_PRODUCT = YES;
			};
			name = Release;
		};
		8319432A150BD226003EF364 /* Debug */ = {
			isa = XCBuildConfiguration;
			buildSettings = {
				GCC_PRECOMPILE_PREFIX_HEADER = YES;
				GCC_PREFIX_HEADER = "GeometryTunes/GeometryTunes-Prefix.pch";
				INFOPLIST_FILE = "GeometryTunes/GeometryTunes-Info.plist";
				PRODUCT_NAME = "$(TARGET_NAME)";
				WRAPPER_EXTENSION = app;
			};
			name = Debug;
		};
		8319432B150BD226003EF364 /* Release */ = {
			isa = XCBuildConfiguration;
			buildSettings = {
				GCC_PRECOMPILE_PREFIX_HEADER = YES;
				GCC_PREFIX_HEADER = "GeometryTunes/GeometryTunes-Prefix.pch";
				INFOPLIST_FILE = "GeometryTunes/GeometryTunes-Info.plist";
				PRODUCT_NAME = "$(TARGET_NAME)";
				WRAPPER_EXTENSION = app;
			};
			name = Release;
		};
/* End XCBuildConfiguration section */

/* Begin XCConfigurationList section */
		83194305150BD226003EF364 /* Build configuration list for PBXProject "GeometryTunes" */ = {
			isa = XCConfigurationList;
			buildConfigurations = (
				83194327150BD226003EF364 /* Debug */,
				83194328150BD226003EF364 /* Release */,
			);
			defaultConfigurationIsVisible = 0;
			defaultConfigurationName = Release;
		};
		83194329150BD226003EF364 /* Build configuration list for PBXNativeTarget "GeometryTunes" */ = {
			isa = XCConfigurationList;
			buildConfigurations = (
				8319432A150BD226003EF364 /* Debug */,
				8319432B150BD226003EF364 /* Release */,
			);
			defaultConfigurationIsVisible = 0;
			defaultConfigurationName = Release;
		};
/* End XCConfigurationList section */
	};
	rootObject = 83194302150BD226003EF364 /* Project object */;
}
